PODS:
  - Blueprints (0.13.1)
  - BottomPopup (0.5.5)
  - ChromaColorPicker (2.0.2)
  - MultilineTextField (1.0.0)
  - OpenSSL-Universal (1.0.2.20):
    - OpenSSL-Universal/Static (= 1.0.2.20)
  - OpenSSL-Universal/Static (1.0.2.20)
  - SPAlert (2.1.4)
  - ViewAnimator (2.7.0)
  - XLActionController (5.0.2):
    - XLActionController/Core (= 5.0.2)
  - XLActionController/Core (5.0.2)
  - XLActionController/Skype (5.0.2):
    - XLActionController/Core

DEPENDENCIES:
  - Blueprints
  - BottomPopup (~> 0.5.5)
  - ChromaColorPicker
  - MultilineTextField
  - OpenSSL-Universal
  - SPAlert
  - ViewAnimator
  - XLActionController
  - XLActionController/Skype

SPEC REPOS:
  trunk:
    - Blueprints
    - BottomPopup
    - ChromaColorPicker
    - MultilineTextField
    - OpenSSL-Universal
    - SPAlert
    - ViewAnimator
    - XLActionController

SPEC CHECKSUMS:
  Blueprints: ddd6ab1e455c98471aaef2fdd0b09b5f9b53af5b
  BottomPopup: c63feed938e7bed2894736d4a07b84cd1f608003
  ChromaColorPicker: 307585f2dc23d4d72f24cad320c1e08825cb5c09
  MultilineTextField: bb965487257ce72f880d313074d419cac34024ff
  OpenSSL-Universal: ff34003318d5e1163e9529b08470708e389ffcdd
  SPAlert: 1a8afa1c6ac86a82ab5b2cfdf7f9a51e68cb6c0c
  ViewAnimator: 5af1c6f3b310f012bf081259c43717aa54fbae73
  XLActionController: f1f2226d2c6629db197d4a41f2da907085a4cb9d

PODFILE CHECKSUM: ce1590ab66ce4d6627dabe6e34968e0ffb218622

COCOAPODS: 1.9.3
