// !$*UTF8*$!
{
	archiveVersion = 1;
	classes = {
	};
	objectVersion = 51;
	objects = {

/* Begin PBXBuildFile section */
		D468660ACBD45E5CD1B0E4CD /* Pods_Jotify.framework in Frameworks */ = {isa = PBXBuildFile; fileRef = A7077D1FD53AC3A2DF5B8A96 /* Pods_Jotify.framework */; };
		F6048A012697662100C7B566 /* ColorGalleryController.swift in Sources */ = {isa = PBXBuildFile; fileRef = F6048A002697662100C7B566 /* ColorGalleryController.swift */; };
		F611D0DE25D841FA00E6D860 /* EmptyNoteView.swift in Sources */ = {isa = PBXBuildFile; fileRef = F611D0DD25D841FA00E6D860 /* EmptyNoteView.swift */; };
		F61580182697D3BA00ABB6F6 /* GeneralSettingsController.swift in Sources */ = {isa = PBXBuildFile; fileRef = F61580172697D3BA00ABB6F6 /* GeneralSettingsController.swift */; };
		F620BD2625B338C7005BE77B /* GoogleService-Info.plist in Resources */ = {isa = PBXBuildFile; fileRef = F620BD2525B338C7005BE77B /* GoogleService-Info.plist */; };
		F622093D2602B00E001DFAC1 /* LogInView.swift in Sources */ = {isa = PBXBuildFile; fileRef = F622093B2602B00E001DFAC1 /* LogInView.swift */; };
		F622093E2602B00E001DFAC1 /* SignUpView.swift in Sources */ = {isa = PBXBuildFile; fileRef = F622093C2602B00E001DFAC1 /* SignUpView.swift */; };
		F62209442602B07A001DFAC1 /* SceneDelegate+Gestures.swift in Sources */ = {isa = PBXBuildFile; fileRef = F62209432602B07A001DFAC1 /* SceneDelegate+Gestures.swift */; };
		F62209472602F252001DFAC1 /* AuthenticationController.swift in Sources */ = {isa = PBXBuildFile; fileRef = F62209462602F252001DFAC1 /* AuthenticationController.swift */; };
		F62A02F826974A200020A89B /* UITextView+Toolbar.swift in Sources */ = {isa = PBXBuildFile; fileRef = F62A02F726974A200020A89B /* UITextView+Toolbar.swift */; };
		F638E65225CEF36B005FA371 /* UserManager.swift in Sources */ = {isa = PBXBuildFile; fileRef = F638E65125CEF36B005FA371 /* UserManager.swift */; };
		F6425CC12680D286008C03A2 /* UIColor+StringInterpretor.swift in Sources */ = {isa = PBXBuildFile; fileRef = F6425CC02680D286008C03A2 /* UIColor+StringInterpretor.swift */; };
		F652AB6525B87CF2006D7747 /* EditingController.swift in Sources */ = {isa = PBXBuildFile; fileRef = F652AB6425B87CF2006D7747 /* EditingController.swift */; };
		F66D7C6B261BB99200E3405C /* SignInWithApple+Firebase.swift in Sources */ = {isa = PBXBuildFile; fileRef = F66D7C6A261BB99200E3405C /* SignInWithApple+Firebase.swift */; };
		F66E580F261B96E60045D0F3 /* SignInWithApple.swift in Sources */ = {isa = PBXBuildFile; fileRef = F66E580E261B96E60045D0F3 /* SignInWithApple.swift */; };
		F66F5C4B267FE3BD004CB9F1 /* GradientAnimator.swift in Sources */ = {isa = PBXBuildFile; fileRef = F66F5C4A267FE3BD004CB9F1 /* GradientAnimator.swift */; };
		F66F5C4D267FE3D3004CB9F1 /* UIView+Gradient.swift in Sources */ = {isa = PBXBuildFile; fileRef = F66F5C4C267FE3D3004CB9F1 /* UIView+Gradient.swift */; };
		F66F5C50267FE48C004CB9F1 /* GradientThemes.swift in Sources */ = {isa = PBXBuildFile; fileRef = F66F5C4F267FE48C004CB9F1 /* GradientThemes.swift */; };
		F6703A1B2638DD1E009863E3 /* NoteOptionMenu.xib in Resources */ = {isa = PBXBuildFile; fileRef = F6703A1A2638DD1E009863E3 /* NoteOptionMenu.xib */; };
		F6703A1E2638DE29009863E3 /* NoteOptionMenu.swift in Sources */ = {isa = PBXBuildFile; fileRef = F6703A1D2638DE29009863E3 /* NoteOptionMenu.swift */; };
		F670E015268123D9002960FE /* ToolbarViewController.swift in Sources */ = {isa = PBXBuildFile; fileRef = F670E014268123D9002960FE /* ToolbarViewController.swift */; };
		F6720AFD26364CF80071183C /* PageBoyController.swift in Sources */ = {isa = PBXBuildFile; fileRef = F6720AFC26364CF80071183C /* PageBoyController.swift */; };
		F678330E2640F4D6005429FF /* NoteCollectionController+Search.swift in Sources */ = {isa = PBXBuildFile; fileRef = F678330D2640F4D6005429FF /* NoteCollectionController+Search.swift */; };
		F67D1B6A25BF7A1100B28071 /* UIColor+Extensions.swift in Sources */ = {isa = PBXBuildFile; fileRef = F67D1B6925BF7A1100B28071 /* UIColor+Extensions.swift */; };
		F67F002425B32EE600313D61 /* AuthManager.swift in Sources */ = {isa = PBXBuildFile; fileRef = F67F002325B32EE600313D61 /* AuthManager.swift */; };
		F67F002725B32EEC00313D61 /* DataManager.swift in Sources */ = {isa = PBXBuildFile; fileRef = F67F002625B32EEC00313D61 /* DataManager.swift */; };
		F67F002A25B32F5B00313D61 /* NoteCollection.swift in Sources */ = {isa = PBXBuildFile; fileRef = F67F002925B32F5B00313D61 /* NoteCollection.swift */; };
		F67F003025B32F6700313D61 /* NoteCell.swift in Sources */ = {isa = PBXBuildFile; fileRef = F67F002F25B32F6700313D61 /* NoteCell.swift */; };
		F67F003225B32F6B00313D61 /* VerticalAlignLabel.swift in Sources */ = {isa = PBXBuildFile; fileRef = F67F003125B32F6B00313D61 /* VerticalAlignLabel.swift */; };
		F67F003825B32F7900313D61 /* NoteCollectionController.swift in Sources */ = {isa = PBXBuildFile; fileRef = F67F003725B32F7900313D61 /* NoteCollectionController.swift */; };
		F67F004025B32F8700313D61 /* WriteNoteController.swift in Sources */ = {isa = PBXBuildFile; fileRef = F67F003F25B32F8700313D61 /* WriteNoteController.swift */; };
		F67FFFF125B32E1F00313D61 /* AppDelegate.swift in Sources */ = {isa = PBXBuildFile; fileRef = F67FFFF025B32E1F00313D61 /* AppDelegate.swift */; };
		F67FFFF325B32E1F00313D61 /* SceneDelegate.swift in Sources */ = {isa = PBXBuildFile; fileRef = F67FFFF225B32E1F00313D61 /* SceneDelegate.swift */; };
		F67FFFFA25B32E2000313D61 /* Assets.xcassets in Resources */ = {isa = PBXBuildFile; fileRef = F67FFFF925B32E2000313D61 /* Assets.xcassets */; };
		F67FFFFD25B32E2000313D61 /* LaunchScreen.storyboard in Resources */ = {isa = PBXBuildFile; fileRef = F67FFFFB25B32E2000313D61 /* LaunchScreen.storyboard */; };
		F680C9CD269A957000D86EF3 /* ReminderController.swift in Sources */ = {isa = PBXBuildFile; fileRef = F680C9CC269A957000D86EF3 /* ReminderController.swift */; };
		F69389C92699158500EF3EED /* WidgetKit.framework in Frameworks */ = {isa = PBXBuildFile; fileRef = F69389C82699158500EF3EED /* WidgetKit.framework */; };
		F69389CB2699158500EF3EED /* SwiftUI.framework in Frameworks */ = {isa = PBXBuildFile; fileRef = F69389CA2699158500EF3EED /* SwiftUI.framework */; };
		F69389CE2699158500EF3EED /* RecentNoteWidget.swift in Sources */ = {isa = PBXBuildFile; fileRef = F69389CD2699158500EF3EED /* RecentNoteWidget.swift */; };
		F69389D12699158A00EF3EED /* Assets.xcassets in Resources */ = {isa = PBXBuildFile; fileRef = F69389D02699158A00EF3EED /* Assets.xcassets */; };
		F69389D32699158A00EF3EED /* RecentNoteWidget.intentdefinition in Sources */ = {isa = PBXBuildFile; fileRef = F69389CF2699158500EF3EED /* RecentNoteWidget.intentdefinition */; };
		F69389D42699158A00EF3EED /* RecentNoteWidget.intentdefinition in Sources */ = {isa = PBXBuildFile; fileRef = F69389CF2699158500EF3EED /* RecentNoteWidget.intentdefinition */; };
		F69389D72699158A00EF3EED /* RecentNoteWidgetExtension.appex in Embed App Extensions */ = {isa = PBXBuildFile; fileRef = F69389C72699158500EF3EED /* RecentNoteWidgetExtension.appex */; settings = {ATTRIBUTES = (RemoveHeadersOnCopy, ); }; };
		F69389DD2699161200EF3EED /* GroupDataManager.swift in Sources */ = {isa = PBXBuildFile; fileRef = F69389DC2699161200EF3EED /* GroupDataManager.swift */; };
		F69389DE2699168900EF3EED /* GroupDataManager.swift in Sources */ = {isa = PBXBuildFile; fileRef = F69389DC2699161200EF3EED /* GroupDataManager.swift */; };
		F69389E32699183E00EF3EED /* SetupController.swift in Sources */ = {isa = PBXBuildFile; fileRef = F69389E22699183E00EF3EED /* SetupController.swift */; };
		F69389E52699353B00EF3EED /* UIColor+StringInterpretor.swift in Sources */ = {isa = PBXBuildFile; fileRef = F6425CC02680D286008C03A2 /* UIColor+StringInterpretor.swift */; };
		F69389E62699354E00EF3EED /* GradientThemes.swift in Sources */ = {isa = PBXBuildFile; fileRef = F66F5C4F267FE48C004CB9F1 /* GradientThemes.swift */; };
		F69389E72699356000EF3EED /* UIColor+Extensions.swift in Sources */ = {isa = PBXBuildFile; fileRef = F67D1B6925BF7A1100B28071 /* UIColor+Extensions.swift */; };
		F6A5F9462604E5F200E46105 /* DismissKeyboardSwiftUI.swift in Sources */ = {isa = PBXBuildFile; fileRef = F6A5F9452604E5F200E46105 /* DismissKeyboardSwiftUI.swift */; };
		F6AA650325F5AFD3002362A4 /* AnalyticsManager.swift in Sources */ = {isa = PBXBuildFile; fileRef = F6AA650225F5AFD3002362A4 /* AnalyticsManager.swift */; };
		F6B9AE0C25DCC871008467C6 /* MigrationHandler.swift in Sources */ = {isa = PBXBuildFile; fileRef = F6B9AE0B25DCC871008467C6 /* MigrationHandler.swift */; };
		F6B9D4B825B6175D00A0446C /* UIViewController+Extensions.swift in Sources */ = {isa = PBXBuildFile; fileRef = F6B9D4B725B6175D00A0446C /* UIViewController+Extensions.swift */; };
		F6B9D4CA25B629C800A0446C /* Double+Date.swift in Sources */ = {isa = PBXBuildFile; fileRef = F6B9D4C925B629C800A0446C /* Double+Date.swift */; };
		F6CF5DDF25DAEF2F006E576E /* CloudKit.framework in Frameworks */ = {isa = PBXBuildFile; fileRef = F6CF5DDE25DAEF2F006E576E /* CloudKit.framework */; };
		F6CF5DF325DAF38D006E576E /* Jotify.xcdatamodeld in Sources */ = {isa = PBXBuildFile; fileRef = F6CF5DF125DAF38D006E576E /* Jotify.xcdatamodeld */; };
		F6D2771225C8C00E00ECFCCC /* SettingsCell.swift in Sources */ = {isa = PBXBuildFile; fileRef = F6D2771125C8C00E00ECFCCC /* SettingsCell.swift */; };
		F6D2771625C8C01C00ECFCCC /* SettingsSwitchCell.swift in Sources */ = {isa = PBXBuildFile; fileRef = F6D2771525C8C01C00ECFCCC /* SettingsSwitchCell.swift */; };
		F6D2771925C8C37C00ECFCCC /* UINavigationController+Extensions.swift in Sources */ = {isa = PBXBuildFile; fileRef = F6D2771825C8C37C00ECFCCC /* UINavigationController+Extensions.swift */; };
		F6DFF0C625C8FF9D004D6468 /* AccountSettingsController.swift in Sources */ = {isa = PBXBuildFile; fileRef = F6DFF0C525C8FF9D004D6468 /* AccountSettingsController.swift */; };
		F6DFF0CC25C90617004D6468 /* ColorManager.swift in Sources */ = {isa = PBXBuildFile; fileRef = F6DFF0CB25C90617004D6468 /* ColorManager.swift */; };
		F6F185A625C85F98001FD5FA /* UITextView+Padding.swift in Sources */ = {isa = PBXBuildFile; fileRef = F6F185A525C85F98001FD5FA /* UITextView+Padding.swift */; };
		F6F185AE25C86AB4001FD5FA /* SettingsController.swift in Sources */ = {isa = PBXBuildFile; fileRef = F6F185AD25C86AB4001FD5FA /* SettingsController.swift */; };
		F6F185B225C86ABF001FD5FA /* MasterSettingsController.swift in Sources */ = {isa = PBXBuildFile; fileRef = F6F185B125C86ABF001FD5FA /* MasterSettingsController.swift */; };
		F6FFCE732638E71E0012307E /* PassableUIButton.swift in Sources */ = {isa = PBXBuildFile; fileRef = F6FFCE722638E71E0012307E /* PassableUIButton.swift */; };
/* End PBXBuildFile section */

/* Begin PBXContainerItemProxy section */
		F69389D52699158A00EF3EED /* PBXContainerItemProxy */ = {
			isa = PBXContainerItemProxy;
			containerPortal = F67FFFE525B32E1F00313D61 /* Project object */;
			proxyType = 1;
			remoteGlobalIDString = F69389C62699158500EF3EED;
			remoteInfo = RecentNoteWidgetExtension;
		};
/* End PBXContainerItemProxy section */

/* Begin PBXCopyFilesBuildPhase section */
		F69389D82699158A00EF3EED /* Embed App Extensions */ = {
			isa = PBXCopyFilesBuildPhase;
			buildActionMask = 2147483647;
			dstPath = "";
			dstSubfolderSpec = 13;
			files = (
				F69389D72699158A00EF3EED /* RecentNoteWidgetExtension.appex in Embed App Extensions */,
			);
			name = "Embed App Extensions";
			runOnlyForDeploymentPostprocessing = 0;
		};
/* End PBXCopyFilesBuildPhase section */

/* Begin PBXFileReference section */
		1129B93197342E6D106D25C2 /* Pods-Jotify.release.xcconfig */ = {isa = PBXFileReference; includeInIndex = 1; lastKnownFileType = text.xcconfig; name = "Pods-Jotify.release.xcconfig"; path = "Target Support Files/Pods-Jotify/Pods-Jotify.release.xcconfig"; sourceTree = "<group>"; };
		A7077D1FD53AC3A2DF5B8A96 /* Pods_Jotify.framework */ = {isa = PBXFileReference; explicitFileType = wrapper.framework; includeInIndex = 0; path = Pods_Jotify.framework; sourceTree = BUILT_PRODUCTS_DIR; };
		AF4FA6AF11CB6D0F6E0E14F3 /* Pods-Jotify.debug.xcconfig */ = {isa = PBXFileReference; includeInIndex = 1; lastKnownFileType = text.xcconfig; name = "Pods-Jotify.debug.xcconfig"; path = "Target Support Files/Pods-Jotify/Pods-Jotify.debug.xcconfig"; sourceTree = "<group>"; };
		F6048A002697662100C7B566 /* ColorGalleryController.swift */ = {isa = PBXFileReference; lastKnownFileType = sourcecode.swift; path = ColorGalleryController.swift; sourceTree = "<group>"; };
		F611D0DD25D841FA00E6D860 /* EmptyNoteView.swift */ = {isa = PBXFileReference; lastKnownFileType = sourcecode.swift; path = EmptyNoteView.swift; sourceTree = "<group>"; };
		F61580172697D3BA00ABB6F6 /* GeneralSettingsController.swift */ = {isa = PBXFileReference; lastKnownFileType = sourcecode.swift; path = GeneralSettingsController.swift; sourceTree = "<group>"; };
		F620BD2525B338C7005BE77B /* GoogleService-Info.plist */ = {isa = PBXFileReference; fileEncoding = 4; lastKnownFileType = text.plist.xml; path = "GoogleService-Info.plist"; sourceTree = "<group>"; };
		F622093B2602B00E001DFAC1 /* LogInView.swift */ = {isa = PBXFileReference; fileEncoding = 4; lastKnownFileType = sourcecode.swift; path = LogInView.swift; sourceTree = "<group>"; };
		F622093C2602B00E001DFAC1 /* SignUpView.swift */ = {isa = PBXFileReference; fileEncoding = 4; lastKnownFileType = sourcecode.swift; path = SignUpView.swift; sourceTree = "<group>"; };
		F62209432602B07A001DFAC1 /* SceneDelegate+Gestures.swift */ = {isa = PBXFileReference; lastKnownFileType = sourcecode.swift; path = "SceneDelegate+Gestures.swift"; sourceTree = "<group>"; };
		F62209462602F252001DFAC1 /* AuthenticationController.swift */ = {isa = PBXFileReference; lastKnownFileType = sourcecode.swift; path = AuthenticationController.swift; sourceTree = "<group>"; };
		F62A02F726974A200020A89B /* UITextView+Toolbar.swift */ = {isa = PBXFileReference; lastKnownFileType = sourcecode.swift; path = "UITextView+Toolbar.swift"; sourceTree = "<group>"; };
		F638E65125CEF36B005FA371 /* UserManager.swift */ = {isa = PBXFileReference; lastKnownFileType = sourcecode.swift; path = UserManager.swift; sourceTree = "<group>"; };
		F6425CC02680D286008C03A2 /* UIColor+StringInterpretor.swift */ = {isa = PBXFileReference; lastKnownFileType = sourcecode.swift; path = "UIColor+StringInterpretor.swift"; sourceTree = "<group>"; };
		F652AB6425B87CF2006D7747 /* EditingController.swift */ = {isa = PBXFileReference; lastKnownFileType = sourcecode.swift; path = EditingController.swift; sourceTree = "<group>"; };
		F66D7C6A261BB99200E3405C /* SignInWithApple+Firebase.swift */ = {isa = PBXFileReference; lastKnownFileType = sourcecode.swift; path = "SignInWithApple+Firebase.swift"; sourceTree = "<group>"; };
		F66E580E261B96E60045D0F3 /* SignInWithApple.swift */ = {isa = PBXFileReference; lastKnownFileType = sourcecode.swift; path = SignInWithApple.swift; sourceTree = "<group>"; };
		F66F5C4A267FE3BD004CB9F1 /* GradientAnimator.swift */ = {isa = PBXFileReference; lastKnownFileType = sourcecode.swift; path = GradientAnimator.swift; sourceTree = "<group>"; };
		F66F5C4C267FE3D3004CB9F1 /* UIView+Gradient.swift */ = {isa = PBXFileReference; lastKnownFileType = sourcecode.swift; path = "UIView+Gradient.swift"; sourceTree = "<group>"; };
		F66F5C4F267FE48C004CB9F1 /* GradientThemes.swift */ = {isa = PBXFileReference; lastKnownFileType = sourcecode.swift; path = GradientThemes.swift; sourceTree = "<group>"; };
		F6703A1A2638DD1E009863E3 /* NoteOptionMenu.xib */ = {isa = PBXFileReference; fileEncoding = 4; lastKnownFileType = file.xib; path = NoteOptionMenu.xib; sourceTree = "<group>"; };
		F6703A1D2638DE29009863E3 /* NoteOptionMenu.swift */ = {isa = PBXFileReference; lastKnownFileType = sourcecode.swift; path = NoteOptionMenu.swift; sourceTree = "<group>"; };
		F670E014268123D9002960FE /* ToolbarViewController.swift */ = {isa = PBXFileReference; lastKnownFileType = sourcecode.swift; path = ToolbarViewController.swift; sourceTree = "<group>"; };
		F6720AFC26364CF80071183C /* PageBoyController.swift */ = {isa = PBXFileReference; lastKnownFileType = sourcecode.swift; path = PageBoyController.swift; sourceTree = "<group>"; };
		F678330D2640F4D6005429FF /* NoteCollectionController+Search.swift */ = {isa = PBXFileReference; lastKnownFileType = sourcecode.swift; path = "NoteCollectionController+Search.swift"; sourceTree = "<group>"; };
		F67D1B6925BF7A1100B28071 /* UIColor+Extensions.swift */ = {isa = PBXFileReference; lastKnownFileType = sourcecode.swift; path = "UIColor+Extensions.swift"; sourceTree = "<group>"; };
		F67F002325B32EE600313D61 /* AuthManager.swift */ = {isa = PBXFileReference; fileEncoding = 4; lastKnownFileType = sourcecode.swift; path = AuthManager.swift; sourceTree = "<group>"; };
		F67F002625B32EEC00313D61 /* DataManager.swift */ = {isa = PBXFileReference; fileEncoding = 4; lastKnownFileType = sourcecode.swift; path = DataManager.swift; sourceTree = "<group>"; };
		F67F002925B32F5B00313D61 /* NoteCollection.swift */ = {isa = PBXFileReference; fileEncoding = 4; lastKnownFileType = sourcecode.swift; path = NoteCollection.swift; sourceTree = "<group>"; };
		F67F002F25B32F6700313D61 /* NoteCell.swift */ = {isa = PBXFileReference; fileEncoding = 4; lastKnownFileType = sourcecode.swift; path = NoteCell.swift; sourceTree = "<group>"; };
		F67F003125B32F6B00313D61 /* VerticalAlignLabel.swift */ = {isa = PBXFileReference; fileEncoding = 4; lastKnownFileType = sourcecode.swift; path = VerticalAlignLabel.swift; sourceTree = "<group>"; };
		F67F003725B32F7900313D61 /* NoteCollectionController.swift */ = {isa = PBXFileReference; fileEncoding = 4; lastKnownFileType = sourcecode.swift; path = NoteCollectionController.swift; sourceTree = "<group>"; };
		F67F003F25B32F8700313D61 /* WriteNoteController.swift */ = {isa = PBXFileReference; fileEncoding = 4; lastKnownFileType = sourcecode.swift; path = WriteNoteController.swift; sourceTree = "<group>"; };
		F67FFFED25B32E1F00313D61 /* Jotify.app */ = {isa = PBXFileReference; explicitFileType = wrapper.application; includeInIndex = 0; path = Jotify.app; sourceTree = BUILT_PRODUCTS_DIR; };
		F67FFFF025B32E1F00313D61 /* AppDelegate.swift */ = {isa = PBXFileReference; lastKnownFileType = sourcecode.swift; path = AppDelegate.swift; sourceTree = "<group>"; };
		F67FFFF225B32E1F00313D61 /* SceneDelegate.swift */ = {isa = PBXFileReference; lastKnownFileType = sourcecode.swift; path = SceneDelegate.swift; sourceTree = "<group>"; };
		F67FFFF925B32E2000313D61 /* Assets.xcassets */ = {isa = PBXFileReference; lastKnownFileType = folder.assetcatalog; path = Assets.xcassets; sourceTree = "<group>"; };
		F67FFFFC25B32E2000313D61 /* Base */ = {isa = PBXFileReference; lastKnownFileType = file.storyboard; name = Base; path = Base.lproj/LaunchScreen.storyboard; sourceTree = "<group>"; };
		F67FFFFE25B32E2000313D61 /* Info.plist */ = {isa = PBXFileReference; lastKnownFileType = text.plist.xml; path = Info.plist; sourceTree = "<group>"; };
		F680C9CC269A957000D86EF3 /* ReminderController.swift */ = {isa = PBXFileReference; lastKnownFileType = sourcecode.swift; path = ReminderController.swift; sourceTree = "<group>"; };
		F69389C72699158500EF3EED /* RecentNoteWidgetExtension.appex */ = {isa = PBXFileReference; explicitFileType = "wrapper.app-extension"; includeInIndex = 0; path = RecentNoteWidgetExtension.appex; sourceTree = BUILT_PRODUCTS_DIR; };
		F69389C82699158500EF3EED /* WidgetKit.framework */ = {isa = PBXFileReference; lastKnownFileType = wrapper.framework; name = WidgetKit.framework; path = System/Library/Frameworks/WidgetKit.framework; sourceTree = SDKROOT; };
		F69389CA2699158500EF3EED /* SwiftUI.framework */ = {isa = PBXFileReference; lastKnownFileType = wrapper.framework; name = SwiftUI.framework; path = System/Library/Frameworks/SwiftUI.framework; sourceTree = SDKROOT; };
		F69389CD2699158500EF3EED /* RecentNoteWidget.swift */ = {isa = PBXFileReference; lastKnownFileType = sourcecode.swift; path = RecentNoteWidget.swift; sourceTree = "<group>"; };
		F69389CF2699158500EF3EED /* RecentNoteWidget.intentdefinition */ = {isa = PBXFileReference; lastKnownFileType = file.intentdefinition; path = RecentNoteWidget.intentdefinition; sourceTree = "<group>"; };
		F69389D02699158A00EF3EED /* Assets.xcassets */ = {isa = PBXFileReference; lastKnownFileType = folder.assetcatalog; path = Assets.xcassets; sourceTree = "<group>"; };
		F69389D22699158A00EF3EED /* Info.plist */ = {isa = PBXFileReference; lastKnownFileType = text.plist.xml; path = Info.plist; sourceTree = "<group>"; };
		F69389DC2699161200EF3EED /* GroupDataManager.swift */ = {isa = PBXFileReference; lastKnownFileType = sourcecode.swift; path = GroupDataManager.swift; sourceTree = "<group>"; };
		F69389E22699183E00EF3EED /* SetupController.swift */ = {isa = PBXFileReference; lastKnownFileType = sourcecode.swift; path = SetupController.swift; sourceTree = "<group>"; };
		F69389E42699227400EF3EED /* RecentNoteWidgetExtension.entitlements */ = {isa = PBXFileReference; lastKnownFileType = text.plist.entitlements; path = RecentNoteWidgetExtension.entitlements; sourceTree = "<group>"; };
		F6A5F9452604E5F200E46105 /* DismissKeyboardSwiftUI.swift */ = {isa = PBXFileReference; lastKnownFileType = sourcecode.swift; path = DismissKeyboardSwiftUI.swift; sourceTree = "<group>"; };
		F6AA650225F5AFD3002362A4 /* AnalyticsManager.swift */ = {isa = PBXFileReference; lastKnownFileType = sourcecode.swift; path = AnalyticsManager.swift; sourceTree = "<group>"; };
		F6B9AE0B25DCC871008467C6 /* MigrationHandler.swift */ = {isa = PBXFileReference; lastKnownFileType = sourcecode.swift; path = MigrationHandler.swift; sourceTree = "<group>"; };
		F6B9D4B725B6175D00A0446C /* UIViewController+Extensions.swift */ = {isa = PBXFileReference; lastKnownFileType = sourcecode.swift; path = "UIViewController+Extensions.swift"; sourceTree = "<group>"; };
		F6B9D4C925B629C800A0446C /* Double+Date.swift */ = {isa = PBXFileReference; lastKnownFileType = sourcecode.swift; path = "Double+Date.swift"; sourceTree = "<group>"; };
		F6CF5DDC25DAEF2B006E576E /* Jotify.entitlements */ = {isa = PBXFileReference; lastKnownFileType = text.plist.entitlements; path = Jotify.entitlements; sourceTree = "<group>"; };
		F6CF5DDE25DAEF2F006E576E /* CloudKit.framework */ = {isa = PBXFileReference; lastKnownFileType = wrapper.framework; name = CloudKit.framework; path = System/Library/Frameworks/CloudKit.framework; sourceTree = SDKROOT; };
		F6CF5DF225DAF38D006E576E /* Jotify.xcdatamodel */ = {isa = PBXFileReference; lastKnownFileType = wrapper.xcdatamodel; path = Jotify.xcdatamodel; sourceTree = "<group>"; };
		F6D2771125C8C00E00ECFCCC /* SettingsCell.swift */ = {isa = PBXFileReference; lastKnownFileType = sourcecode.swift; path = SettingsCell.swift; sourceTree = "<group>"; };
		F6D2771525C8C01C00ECFCCC /* SettingsSwitchCell.swift */ = {isa = PBXFileReference; lastKnownFileType = sourcecode.swift; path = SettingsSwitchCell.swift; sourceTree = "<group>"; };
		F6D2771825C8C37C00ECFCCC /* UINavigationController+Extensions.swift */ = {isa = PBXFileReference; lastKnownFileType = sourcecode.swift; path = "UINavigationController+Extensions.swift"; sourceTree = "<group>"; };
		F6DFF0C525C8FF9D004D6468 /* AccountSettingsController.swift */ = {isa = PBXFileReference; lastKnownFileType = sourcecode.swift; path = AccountSettingsController.swift; sourceTree = "<group>"; };
		F6DFF0CB25C90617004D6468 /* ColorManager.swift */ = {isa = PBXFileReference; lastKnownFileType = sourcecode.swift; path = ColorManager.swift; sourceTree = "<group>"; };
		F6F185A525C85F98001FD5FA /* UITextView+Padding.swift */ = {isa = PBXFileReference; lastKnownFileType = sourcecode.swift; path = "UITextView+Padding.swift"; sourceTree = "<group>"; };
		F6F185AD25C86AB4001FD5FA /* SettingsController.swift */ = {isa = PBXFileReference; lastKnownFileType = sourcecode.swift; path = SettingsController.swift; sourceTree = "<group>"; };
		F6F185B125C86ABF001FD5FA /* MasterSettingsController.swift */ = {isa = PBXFileReference; lastKnownFileType = sourcecode.swift; path = MasterSettingsController.swift; sourceTree = "<group>"; };
		F6FFCE722638E71E0012307E /* PassableUIButton.swift */ = {isa = PBXFileReference; lastKnownFileType = sourcecode.swift; path = PassableUIButton.swift; sourceTree = "<group>"; };
/* End PBXFileReference section */

/* Begin PBXFrameworksBuildPhase section */
		F67FFFEA25B32E1F00313D61 /* Frameworks */ = {
			isa = PBXFrameworksBuildPhase;
			buildActionMask = 2147483647;
			files = (
				D468660ACBD45E5CD1B0E4CD /* Pods_Jotify.framework in Frameworks */,
				F6CF5DDF25DAEF2F006E576E /* CloudKit.framework in Frameworks */,
			);
			runOnlyForDeploymentPostprocessing = 0;
		};
		F69389C42699158500EF3EED /* Frameworks */ = {
			isa = PBXFrameworksBuildPhase;
			buildActionMask = 2147483647;
			files = (
				F69389CB2699158500EF3EED /* SwiftUI.framework in Frameworks */,
				F69389C92699158500EF3EED /* WidgetKit.framework in Frameworks */,
			);
			runOnlyForDeploymentPostprocessing = 0;
		};
/* End PBXFrameworksBuildPhase section */

/* Begin PBXGroup section */
		6F5C812E31E5B77289E9442B /* Pods */ = {
			isa = PBXGroup;
			children = (
				AF4FA6AF11CB6D0F6E0E14F3 /* Pods-Jotify.debug.xcconfig */,
				1129B93197342E6D106D25C2 /* Pods-Jotify.release.xcconfig */,
			);
			path = Pods;
			sourceTree = "<group>";
		};
		C642498CF2E465CD8F066A65 /* Frameworks */ = {
			isa = PBXGroup;
			children = (
				F6CF5DDE25DAEF2F006E576E /* CloudKit.framework */,
				A7077D1FD53AC3A2DF5B8A96 /* Pods_Jotify.framework */,
				F69389C82699158500EF3EED /* WidgetKit.framework */,
				F69389CA2699158500EF3EED /* SwiftUI.framework */,
			);
			name = Frameworks;
			sourceTree = "<group>";
		};
		F6220949260392FC001DFAC1 /* SwiftUI */ = {
			isa = PBXGroup;
			children = (
				F622093B2602B00E001DFAC1 /* LogInView.swift */,
				F622093C2602B00E001DFAC1 /* SignUpView.swift */,
			);
			path = SwiftUI;
			sourceTree = "<group>";
		};
		F638E64E25CEF2AC005FA371 /* Firebase */ = {
			isa = PBXGroup;
			children = (
				F67F002625B32EEC00313D61 /* DataManager.swift */,
				F67F002325B32EE600313D61 /* AuthManager.swift */,
			);
			path = Firebase;
			sourceTree = "<group>";
		};
		F66F5C4E267FE3F4004CB9F1 /* GradientAnimator */ = {
			isa = PBXGroup;
			children = (
				F66F5C4A267FE3BD004CB9F1 /* GradientAnimator.swift */,
				F66F5C4F267FE48C004CB9F1 /* GradientThemes.swift */,
				F6425CC02680D286008C03A2 /* UIColor+StringInterpretor.swift */,
				F6DFF0CB25C90617004D6468 /* ColorManager.swift */,
				F66F5C4C267FE3D3004CB9F1 /* UIView+Gradient.swift */,
			);
			path = GradientAnimator;
			sourceTree = "<group>";
		};
		F675D27F25D5767F009AD59F /* Managers */ = {
			isa = PBXGroup;
			children = (
				F638E65125CEF36B005FA371 /* UserManager.swift */,
				F6AA650225F5AFD3002362A4 /* AnalyticsManager.swift */,
				F69389DC2699161200EF3EED /* GroupDataManager.swift */,
			);
			path = Managers;
			sourceTree = "<group>";
		};
		F67F001F25B32EC100313D61 /* Model */ = {
			isa = PBXGroup;
			children = (
				F67F002925B32F5B00313D61 /* NoteCollection.swift */,
				F675D27F25D5767F009AD59F /* Managers */,
				F6CF5DE125DAF04E006E576E /* CloudKit */,
				F638E64E25CEF2AC005FA371 /* Firebase */,
			);
			path = Model;
			sourceTree = "<group>";
		};
		F67F002025B32EC500313D61 /* View */ = {
			isa = PBXGroup;
			children = (
				F6FFCE752638EBA60012307E /* NoteOptionMenu */,
				F6D2771025C8BFEC00ECFCCC /* Settings */,
				F67F002F25B32F6700313D61 /* NoteCell.swift */,
				F67F003125B32F6B00313D61 /* VerticalAlignLabel.swift */,
				F611D0DD25D841FA00E6D860 /* EmptyNoteView.swift */,
				F66E580E261B96E60045D0F3 /* SignInWithApple.swift */,
			);
			path = View;
			sourceTree = "<group>";
		};
		F67F002125B32ECC00313D61 /* Controller */ = {
			isa = PBXGroup;
			children = (
				F6F185AC25C86A77001FD5FA /* Settings */,
				F6B9D4B125B6160700A0446C /* Authentication */,
				F6720AFC26364CF80071183C /* PageBoyController.swift */,
				F652AB6425B87CF2006D7747 /* EditingController.swift */,
				F67F003725B32F7900313D61 /* NoteCollectionController.swift */,
				F67F003F25B32F8700313D61 /* WriteNoteController.swift */,
				F670E014268123D9002960FE /* ToolbarViewController.swift */,
				F680C9CC269A957000D86EF3 /* ReminderController.swift */,
				F6048A002697662100C7B566 /* ColorGalleryController.swift */,
				F69389E22699183E00EF3EED /* SetupController.swift */,
			);
			path = Controller;
			sourceTree = "<group>";
		};
		F67FFFE425B32E1F00313D61 = {
			isa = PBXGroup;
			children = (
				F69389E42699227400EF3EED /* RecentNoteWidgetExtension.entitlements */,
				F67FFFEF25B32E1F00313D61 /* Jotify */,
				F69389CC2699158500EF3EED /* RecentNoteWidget */,
				F67FFFEE25B32E1F00313D61 /* Products */,
				6F5C812E31E5B77289E9442B /* Pods */,
				C642498CF2E465CD8F066A65 /* Frameworks */,
			);
			sourceTree = "<group>";
		};
		F67FFFEE25B32E1F00313D61 /* Products */ = {
			isa = PBXGroup;
			children = (
				F67FFFED25B32E1F00313D61 /* Jotify.app */,
				F69389C72699158500EF3EED /* RecentNoteWidgetExtension.appex */,
			);
			name = Products;
			sourceTree = "<group>";
		};
		F67FFFEF25B32E1F00313D61 /* Jotify */ = {
			isa = PBXGroup;
			children = (
				F66F5C4E267FE3F4004CB9F1 /* GradientAnimator */,
				F6C2EBB525BA726B00EC6582 /* Keyboard */,
				F68FBF7E26039DD700144D7A /* Gestures */,
				F6B9D4B625B6173B00A0446C /* Extensions */,
				F67F002025B32EC500313D61 /* View */,
				F67F002125B32ECC00313D61 /* Controller */,
				F67F001F25B32EC100313D61 /* Model */,
				F67FFFF925B32E2000313D61 /* Assets.xcassets */,
				F6CF5DF125DAF38D006E576E /* Jotify.xcdatamodeld */,
				F6CF5DDC25DAEF2B006E576E /* Jotify.entitlements */,
				F67FFFF025B32E1F00313D61 /* AppDelegate.swift */,
				F67FFFF225B32E1F00313D61 /* SceneDelegate.swift */,
				F67FFFFB25B32E2000313D61 /* LaunchScreen.storyboard */,
				F620BD2525B338C7005BE77B /* GoogleService-Info.plist */,
				F67FFFFE25B32E2000313D61 /* Info.plist */,
			);
			path = Jotify;
			sourceTree = "<group>";
		};
		F68FBF7E26039DD700144D7A /* Gestures */ = {
			isa = PBXGroup;
			children = (
				F62209432602B07A001DFAC1 /* SceneDelegate+Gestures.swift */,
			);
			path = Gestures;
			sourceTree = "<group>";
		};
		F69389CC2699158500EF3EED /* RecentNoteWidget */ = {
			isa = PBXGroup;
			children = (
				F69389CD2699158500EF3EED /* RecentNoteWidget.swift */,
				F69389CF2699158500EF3EED /* RecentNoteWidget.intentdefinition */,
				F69389D02699158A00EF3EED /* Assets.xcassets */,
				F69389D22699158A00EF3EED /* Info.plist */,
			);
			path = RecentNoteWidget;
			sourceTree = "<group>";
		};
		F6B9D4B125B6160700A0446C /* Authentication */ = {
			isa = PBXGroup;
			children = (
				F62209462602F252001DFAC1 /* AuthenticationController.swift */,
				F66D7C6A261BB99200E3405C /* SignInWithApple+Firebase.swift */,
				F6220949260392FC001DFAC1 /* SwiftUI */,
			);
			path = Authentication;
			sourceTree = "<group>";
		};
		F6B9D4B625B6173B00A0446C /* Extensions */ = {
			isa = PBXGroup;
			children = (
				F6B9D4B725B6175D00A0446C /* UIViewController+Extensions.swift */,
				F67D1B6925BF7A1100B28071 /* UIColor+Extensions.swift */,
				F6F185A525C85F98001FD5FA /* UITextView+Padding.swift */,
				F6B9D4C925B629C800A0446C /* Double+Date.swift */,
				F6D2771825C8C37C00ECFCCC /* UINavigationController+Extensions.swift */,
				F6FFCE722638E71E0012307E /* PassableUIButton.swift */,
				F678330D2640F4D6005429FF /* NoteCollectionController+Search.swift */,
				F62A02F726974A200020A89B /* UITextView+Toolbar.swift */,
			);
			path = Extensions;
			sourceTree = "<group>";
		};
		F6C2EBB525BA726B00EC6582 /* Keyboard */ = {
			isa = PBXGroup;
			children = (
				F6A5F9452604E5F200E46105 /* DismissKeyboardSwiftUI.swift */,
			);
			path = Keyboard;
			sourceTree = "<group>";
		};
		F6CF5DE125DAF04E006E576E /* CloudKit */ = {
			isa = PBXGroup;
			children = (
				F6B9AE0B25DCC871008467C6 /* MigrationHandler.swift */,
			);
			path = CloudKit;
			sourceTree = "<group>";
		};
		F6D2771025C8BFEC00ECFCCC /* Settings */ = {
			isa = PBXGroup;
			children = (
				F6D2771125C8C00E00ECFCCC /* SettingsCell.swift */,
				F6D2771525C8C01C00ECFCCC /* SettingsSwitchCell.swift */,
			);
			path = Settings;
			sourceTree = "<group>";
		};
		F6F185AC25C86A77001FD5FA /* Settings */ = {
			isa = PBXGroup;
			children = (
				F6F185AD25C86AB4001FD5FA /* SettingsController.swift */,
				F6F185B125C86ABF001FD5FA /* MasterSettingsController.swift */,
				F61580172697D3BA00ABB6F6 /* GeneralSettingsController.swift */,
				F6DFF0C525C8FF9D004D6468 /* AccountSettingsController.swift */,
			);
			path = Settings;
			sourceTree = "<group>";
		};
		F6FFCE752638EBA60012307E /* NoteOptionMenu */ = {
			isa = PBXGroup;
			children = (
				F6703A1D2638DE29009863E3 /* NoteOptionMenu.swift */,
				F6703A1A2638DD1E009863E3 /* NoteOptionMenu.xib */,
			);
			path = NoteOptionMenu;
			sourceTree = "<group>";
		};
/* End PBXGroup section */

/* Begin PBXNativeTarget section */
		F67FFFEC25B32E1F00313D61 /* Jotify */ = {
			isa = PBXNativeTarget;
			buildConfigurationList = F67F000125B32E2000313D61 /* Build configuration list for PBXNativeTarget "Jotify" */;
			buildPhases = (
				0B232FC76E07230BA3CCD2F2 /* [CP] Check Pods Manifest.lock */,
				F67FFFE925B32E1F00313D61 /* Sources */,
				F67FFFEA25B32E1F00313D61 /* Frameworks */,
				F67FFFEB25B32E1F00313D61 /* Resources */,
				0B3B063E829521FDFCFFCDC2 /* [CP] Embed Pods Frameworks */,
				F69389D82699158A00EF3EED /* Embed App Extensions */,
			);
			buildRules = (
			);
			dependencies = (
				F69389D62699158A00EF3EED /* PBXTargetDependency */,
			);
			name = Jotify;
			productName = Jotify;
			productReference = F67FFFED25B32E1F00313D61 /* Jotify.app */;
			productType = "com.apple.product-type.application";
		};
		F69389C62699158500EF3EED /* RecentNoteWidgetExtension */ = {
			isa = PBXNativeTarget;
			buildConfigurationList = F69389DB2699158A00EF3EED /* Build configuration list for PBXNativeTarget "RecentNoteWidgetExtension" */;
			buildPhases = (
				F69389C32699158500EF3EED /* Sources */,
				F69389C42699158500EF3EED /* Frameworks */,
				F69389C52699158500EF3EED /* Resources */,
			);
			buildRules = (
			);
			dependencies = (
			);
			name = RecentNoteWidgetExtension;
			productName = RecentNoteWidgetExtension;
			productReference = F69389C72699158500EF3EED /* RecentNoteWidgetExtension.appex */;
			productType = "com.apple.product-type.app-extension";
		};
/* End PBXNativeTarget section */

/* Begin PBXProject section */
		F67FFFE525B32E1F00313D61 /* Project object */ = {
			isa = PBXProject;
			attributes = {
				LastSwiftUpdateCheck = 1250;
				LastUpgradeCheck = 1230;
				TargetAttributes = {
					F67FFFEC25B32E1F00313D61 = {
						CreatedOnToolsVersion = 12.3;
					};
					F69389C62699158500EF3EED = {
						CreatedOnToolsVersion = 12.5.1;
					};
				};
			};
			buildConfigurationList = F67FFFE825B32E1F00313D61 /* Build configuration list for PBXProject "Jotify" */;
			compatibilityVersion = "Xcode 9.3";
			developmentRegion = en;
			hasScannedForEncodings = 0;
			knownRegions = (
				en,
				Base,
			);
			mainGroup = F67FFFE425B32E1F00313D61;
			productRefGroup = F67FFFEE25B32E1F00313D61 /* Products */;
			projectDirPath = "";
			projectRoot = "";
			targets = (
				F67FFFEC25B32E1F00313D61 /* Jotify */,
				F69389C62699158500EF3EED /* RecentNoteWidgetExtension */,
			);
		};
/* End PBXProject section */

/* Begin PBXResourcesBuildPhase section */
		F67FFFEB25B32E1F00313D61 /* Resources */ = {
			isa = PBXResourcesBuildPhase;
			buildActionMask = 2147483647;
			files = (
				F67FFFFD25B32E2000313D61 /* LaunchScreen.storyboard in Resources */,
				F67FFFFA25B32E2000313D61 /* Assets.xcassets in Resources */,
				F6703A1B2638DD1E009863E3 /* NoteOptionMenu.xib in Resources */,
				F620BD2625B338C7005BE77B /* GoogleService-Info.plist in Resources */,
			);
			runOnlyForDeploymentPostprocessing = 0;
		};
		F69389C52699158500EF3EED /* Resources */ = {
			isa = PBXResourcesBuildPhase;
			buildActionMask = 2147483647;
			files = (
				F69389D12699158A00EF3EED /* Assets.xcassets in Resources */,
			);
			runOnlyForDeploymentPostprocessing = 0;
		};
/* End PBXResourcesBuildPhase section */

/* Begin PBXShellScriptBuildPhase section */
		0B232FC76E07230BA3CCD2F2 /* [CP] Check Pods Manifest.lock */ = {
			isa = PBXShellScriptBuildPhase;
			buildActionMask = 2147483647;
			files = (
			);
			inputFileListPaths = (
			);
			inputPaths = (
				"${PODS_PODFILE_DIR_PATH}/Podfile.lock",
				"${PODS_ROOT}/Manifest.lock",
			);
			name = "[CP] Check Pods Manifest.lock";
			outputFileListPaths = (
			);
			outputPaths = (
				"$(DERIVED_FILE_DIR)/Pods-Jotify-checkManifestLockResult.txt",
			);
			runOnlyForDeploymentPostprocessing = 0;
			shellPath = /bin/sh;
			shellScript = "diff \"${PODS_PODFILE_DIR_PATH}/Podfile.lock\" \"${PODS_ROOT}/Manifest.lock\" > /dev/null\nif [ $? != 0 ] ; then\n    # print error to STDERR\n    echo \"error: The sandbox is not in sync with the Podfile.lock. Run 'pod install' or update your CocoaPods installation.\" >&2\n    exit 1\nfi\n# This output is used by Xcode 'outputs' to avoid re-running this script phase.\necho \"SUCCESS\" > \"${SCRIPT_OUTPUT_FILE_0}\"\n";
			showEnvVarsInLog = 0;
		};
		0B3B063E829521FDFCFFCDC2 /* [CP] Embed Pods Frameworks */ = {
			isa = PBXShellScriptBuildPhase;
			buildActionMask = 2147483647;
			files = (
			);
			inputFileListPaths = (
				"${PODS_ROOT}/Target Support Files/Pods-Jotify/Pods-Jotify-frameworks-${CONFIGURATION}-input-files.xcfilelist",
			);
			name = "[CP] Embed Pods Frameworks";
			outputFileListPaths = (
				"${PODS_ROOT}/Target Support Files/Pods-Jotify/Pods-Jotify-frameworks-${CONFIGURATION}-output-files.xcfilelist",
			);
			runOnlyForDeploymentPostprocessing = 0;
			shellPath = /bin/sh;
			shellScript = "\"${PODS_ROOT}/Target Support Files/Pods-Jotify/Pods-Jotify-frameworks.sh\"\n";
			showEnvVarsInLog = 0;
		};
/* End PBXShellScriptBuildPhase section */

/* Begin PBXSourcesBuildPhase section */
		F67FFFE925B32E1F00313D61 /* Sources */ = {
			isa = PBXSourcesBuildPhase;
			buildActionMask = 2147483647;
			files = (
				F6AA650325F5AFD3002362A4 /* AnalyticsManager.swift in Sources */,
				F62209472602F252001DFAC1 /* AuthenticationController.swift in Sources */,
				F6B9D4CA25B629C800A0446C /* Double+Date.swift in Sources */,
				F67F004025B32F8700313D61 /* WriteNoteController.swift in Sources */,
				F67F002725B32EEC00313D61 /* DataManager.swift in Sources */,
				F62209442602B07A001DFAC1 /* SceneDelegate+Gestures.swift in Sources */,
				F69389E32699183E00EF3EED /* SetupController.swift in Sources */,
				F67F003825B32F7900313D61 /* NoteCollectionController.swift in Sources */,
				F680C9CD269A957000D86EF3 /* ReminderController.swift in Sources */,
				F6A5F9462604E5F200E46105 /* DismissKeyboardSwiftUI.swift in Sources */,
				F678330E2640F4D6005429FF /* NoteCollectionController+Search.swift in Sources */,
				F652AB6525B87CF2006D7747 /* EditingController.swift in Sources */,
				F69389DD2699161200EF3EED /* GroupDataManager.swift in Sources */,
				F6DFF0CC25C90617004D6468 /* ColorManager.swift in Sources */,
				F6048A012697662100C7B566 /* ColorGalleryController.swift in Sources */,
				F66F5C50267FE48C004CB9F1 /* GradientThemes.swift in Sources */,
				F69389D42699158A00EF3EED /* RecentNoteWidget.intentdefinition in Sources */,
				F6CF5DF325DAF38D006E576E /* Jotify.xcdatamodeld in Sources */,
				F622093D2602B00E001DFAC1 /* LogInView.swift in Sources */,
				F6F185B225C86ABF001FD5FA /* MasterSettingsController.swift in Sources */,
				F66F5C4B267FE3BD004CB9F1 /* GradientAnimator.swift in Sources */,
				F6425CC12680D286008C03A2 /* UIColor+StringInterpretor.swift in Sources */,
				F67F002425B32EE600313D61 /* AuthManager.swift in Sources */,
				F66E580F261B96E60045D0F3 /* SignInWithApple.swift in Sources */,
				F6B9D4B825B6175D00A0446C /* UIViewController+Extensions.swift in Sources */,
				F67D1B6A25BF7A1100B28071 /* UIColor+Extensions.swift in Sources */,
				F66D7C6B261BB99200E3405C /* SignInWithApple+Firebase.swift in Sources */,
				F6D2771925C8C37C00ECFCCC /* UINavigationController+Extensions.swift in Sources */,
				F6FFCE732638E71E0012307E /* PassableUIButton.swift in Sources */,
				F67F002A25B32F5B00313D61 /* NoteCollection.swift in Sources */,
				F66F5C4D267FE3D3004CB9F1 /* UIView+Gradient.swift in Sources */,
				F6D2771225C8C00E00ECFCCC /* SettingsCell.swift in Sources */,
				F622093E2602B00E001DFAC1 /* SignUpView.swift in Sources */,
				F67F003225B32F6B00313D61 /* VerticalAlignLabel.swift in Sources */,
				F6720AFD26364CF80071183C /* PageBoyController.swift in Sources */,
				F670E015268123D9002960FE /* ToolbarViewController.swift in Sources */,
				F6703A1E2638DE29009863E3 /* NoteOptionMenu.swift in Sources */,
				F6F185AE25C86AB4001FD5FA /* SettingsController.swift in Sources */,
				F62A02F826974A200020A89B /* UITextView+Toolbar.swift in Sources */,
				F67FFFF125B32E1F00313D61 /* AppDelegate.swift in Sources */,
				F6F185A625C85F98001FD5FA /* UITextView+Padding.swift in Sources */,
				F6B9AE0C25DCC871008467C6 /* MigrationHandler.swift in Sources */,
				F67FFFF325B32E1F00313D61 /* SceneDelegate.swift in Sources */,
				F61580182697D3BA00ABB6F6 /* GeneralSettingsController.swift in Sources */,
				F611D0DE25D841FA00E6D860 /* EmptyNoteView.swift in Sources */,
				F638E65225CEF36B005FA371 /* UserManager.swift in Sources */,
				F6DFF0C625C8FF9D004D6468 /* AccountSettingsController.swift in Sources */,
				F6D2771625C8C01C00ECFCCC /* SettingsSwitchCell.swift in Sources */,
				F67F003025B32F6700313D61 /* NoteCell.swift in Sources */,
			);
			runOnlyForDeploymentPostprocessing = 0;
		};
		F69389C32699158500EF3EED /* Sources */ = {
			isa = PBXSourcesBuildPhase;
			buildActionMask = 2147483647;
			files = (
				F69389CE2699158500EF3EED /* RecentNoteWidget.swift in Sources */,
				F69389E72699356000EF3EED /* UIColor+Extensions.swift in Sources */,
				F69389D32699158A00EF3EED /* RecentNoteWidget.intentdefinition in Sources */,
				F69389DE2699168900EF3EED /* GroupDataManager.swift in Sources */,
				F69389E62699354E00EF3EED /* GradientThemes.swift in Sources */,
				F69389E52699353B00EF3EED /* UIColor+StringInterpretor.swift in Sources */,
			);
			runOnlyForDeploymentPostprocessing = 0;
		};
/* End PBXSourcesBuildPhase section */

/* Begin PBXTargetDependency section */
		F69389D62699158A00EF3EED /* PBXTargetDependency */ = {
			isa = PBXTargetDependency;
			target = F69389C62699158500EF3EED /* RecentNoteWidgetExtension */;
			targetProxy = F69389D52699158A00EF3EED /* PBXContainerItemProxy */;
		};
/* End PBXTargetDependency section */

/* Begin PBXVariantGroup section */
		F67FFFFB25B32E2000313D61 /* LaunchScreen.storyboard */ = {
			isa = PBXVariantGroup;
			children = (
				F67FFFFC25B32E2000313D61 /* Base */,
			);
			name = LaunchScreen.storyboard;
			sourceTree = "<group>";
		};
/* End PBXVariantGroup section */

/* Begin XCBuildConfiguration section */
		F67F000025B32E2000313D61 /* Release */ = {
			isa = XCBuildConfiguration;
			buildSettings = {
				ALWAYS_SEARCH_USER_PATHS = NO;
				CLANG_ANALYZER_NONNULL = YES;
				CLANG_ANALYZER_NUMBER_OBJECT_CONVERSION = YES_AGGRESSIVE;
				CLANG_CXX_LANGUAGE_STANDARD = "gnu++14";
				CLANG_CXX_LIBRARY = "libc++";
				CLANG_ENABLE_MODULES = YES;
				CLANG_ENABLE_OBJC_ARC = YES;
				CLANG_ENABLE_OBJC_WEAK = YES;
				CLANG_WARN_BLOCK_CAPTURE_AUTORELEASING = YES;
				CLANG_WARN_BOOL_CONVERSION = YES;
				CLANG_WARN_COMMA = YES;
				CLANG_WARN_CONSTANT_CONVERSION = YES;
				CLANG_WARN_DEPRECATED_OBJC_IMPLEMENTATIONS = YES;
				CLANG_WARN_DIRECT_OBJC_ISA_USAGE = YES_ERROR;
				CLANG_WARN_DOCUMENTATION_COMMENTS = YES;
				CLANG_WARN_EMPTY_BODY = YES;
				CLANG_WARN_ENUM_CONVERSION = YES;
				CLANG_WARN_INFINITE_RECURSION = YES;
				CLANG_WARN_INT_CONVERSION = YES;
				CLANG_WARN_NON_LITERAL_NULL_CONVERSION = YES;
				CLANG_WARN_OBJC_IMPLICIT_RETAIN_SELF = YES;
				CLANG_WARN_OBJC_LITERAL_CONVERSION = YES;
				CLANG_WARN_OBJC_ROOT_CLASS = YES_ERROR;
				CLANG_WARN_QUOTED_INCLUDE_IN_FRAMEWORK_HEADER = YES;
				CLANG_WARN_RANGE_LOOP_ANALYSIS = YES;
				CLANG_WARN_STRICT_PROTOTYPES = YES;
				CLANG_WARN_SUSPICIOUS_MOVE = YES;
				CLANG_WARN_UNGUARDED_AVAILABILITY = YES_AGGRESSIVE;
				CLANG_WARN_UNREACHABLE_CODE = YES;
				CLANG_WARN__DUPLICATE_METHOD_MATCH = YES;
				COPY_PHASE_STRIP = NO;
				DEBUG_INFORMATION_FORMAT = "dwarf-with-dsym";
				ENABLE_NS_ASSERTIONS = NO;
				ENABLE_STRICT_OBJC_MSGSEND = YES;
				GCC_C_LANGUAGE_STANDARD = gnu11;
				GCC_NO_COMMON_BLOCKS = YES;
				GCC_WARN_64_TO_32_BIT_CONVERSION = YES;
				GCC_WARN_ABOUT_RETURN_TYPE = YES_ERROR;
				GCC_WARN_UNDECLARED_SELECTOR = YES;
				GCC_WARN_UNINITIALIZED_AUTOS = YES_AGGRESSIVE;
				GCC_WARN_UNUSED_FUNCTION = YES;
				GCC_WARN_UNUSED_VARIABLE = YES;
				IPHONEOS_DEPLOYMENT_TARGET = 13.0;
				MTL_ENABLE_DEBUG_INFO = NO;
				MTL_FAST_MATH = YES;
				ONLY_ACTIVE_ARCH = YES;
				SDKROOT = iphoneos;
				SWIFT_COMPILATION_MODE = wholemodule;
				SWIFT_OPTIMIZATION_LEVEL = "-O";
				VALIDATE_PRODUCT = YES;
			};
			name = Release;
		};
		F67F000225B32E2000313D61 /* Debug */ = {
			isa = XCBuildConfiguration;
			baseConfigurationReference = AF4FA6AF11CB6D0F6E0E14F3 /* Pods-Jotify.debug.xcconfig */;
			buildSettings = {
				ALWAYS_EMBED_SWIFT_STANDARD_LIBRARIES = YES;
				ASSETCATALOG_COMPILER_APPICON_NAME = AppIcon;
				ASSETCATALOG_COMPILER_GLOBAL_ACCENT_COLOR_NAME = AccentColor;
				CODE_SIGN_ENTITLEMENTS = Jotify/Jotify.entitlements;
				CODE_SIGN_IDENTITY = "Apple Development";
				CODE_SIGN_STYLE = Automatic;
				CURRENT_PROJECT_VERSION = 100;
				DEBUG_INFORMATION_FORMAT = "dwarf-with-dsym";
				DEVELOPMENT_TEAM = G69P7XTUQ3;
				"EXCLUDED_ARCHS[sdk=iphonesimulator*]" = arm64;
				INFOPLIST_FILE = Jotify/Info.plist;
				LD_RUNPATH_SEARCH_PATHS = (
					"$(inherited)",
					"@executable_path/Frameworks",
				);
				MARKETING_VERSION = 2.0.0;
				PRODUCT_BUNDLE_IDENTIFIER = com.austinleath.Jotify;
				PRODUCT_NAME = "$(TARGET_NAME)";
				PROVISIONING_PROFILE_SPECIFIER = "";
				SWIFT_VERSION = 5.0;
				TARGETED_DEVICE_FAMILY = "1,2";
			};
			name = Debug;
		};
		F67F000325B32E2000313D61 /* Release */ = {
			isa = XCBuildConfiguration;
			baseConfigurationReference = 1129B93197342E6D106D25C2 /* Pods-Jotify.release.xcconfig */;
			buildSettings = {
				ALWAYS_EMBED_SWIFT_STANDARD_LIBRARIES = YES;
				ASSETCATALOG_COMPILER_APPICON_NAME = AppIcon;
				ASSETCATALOG_COMPILER_GLOBAL_ACCENT_COLOR_NAME = AccentColor;
				CODE_SIGN_ENTITLEMENTS = Jotify/Jotify.entitlements;
				CODE_SIGN_IDENTITY = "Apple Development";
				CODE_SIGN_STYLE = Automatic;
				CURRENT_PROJECT_VERSION = 100;
				DEVELOPMENT_TEAM = G69P7XTUQ3;
				"EXCLUDED_ARCHS[sdk=iphonesimulator*]" = arm64;
				INFOPLIST_FILE = Jotify/Info.plist;
				LD_RUNPATH_SEARCH_PATHS = (
					"$(inherited)",
					"@executable_path/Frameworks",
				);
				MARKETING_VERSION = 2.0.0;
				ONLY_ACTIVE_ARCH = NO;
				PRODUCT_BUNDLE_IDENTIFIER = com.austinleath.Jotify;
				PRODUCT_NAME = "$(TARGET_NAME)";
				PROVISIONING_PROFILE_SPECIFIER = "";
				SWIFT_VERSION = 5.0;
				TARGETED_DEVICE_FAMILY = "1,2";
			};
			name = Release;
		};
		F67FFFFF25B32E2000313D61 /* Debug */ = {
			isa = XCBuildConfiguration;
			buildSettings = {
				ALWAYS_SEARCH_USER_PATHS = NO;
				CLANG_ANALYZER_NONNULL = YES;
				CLANG_ANALYZER_NUMBER_OBJECT_CONVERSION = YES_AGGRESSIVE;
				CLANG_CXX_LANGUAGE_STANDARD = "gnu++14";
				CLANG_CXX_LIBRARY = "libc++";
				CLANG_ENABLE_MODULES = YES;
				CLANG_ENABLE_OBJC_ARC = YES;
				CLANG_ENABLE_OBJC_WEAK = YES;
				CLANG_WARN_BLOCK_CAPTURE_AUTORELEASING = YES;
				CLANG_WARN_BOOL_CONVERSION = YES;
				CLANG_WARN_COMMA = YES;
				CLANG_WARN_CONSTANT_CONVERSION = YES;
				CLANG_WARN_DEPRECATED_OBJC_IMPLEMENTATIONS = YES;
				CLANG_WARN_DIRECT_OBJC_ISA_USAGE = YES_ERROR;
				CLANG_WARN_DOCUMENTATION_COMMENTS = YES;
				CLANG_WARN_EMPTY_BODY = YES;
				CLANG_WARN_ENUM_CONVERSION = YES;
				CLANG_WARN_INFINITE_RECURSION = YES;
				CLANG_WARN_INT_CONVERSION = YES;
				CLANG_WARN_NON_LITERAL_NULL_CONVERSION = YES;
				CLANG_WARN_OBJC_IMPLICIT_RETAIN_SELF = YES;
				CLANG_WARN_OBJC_LITERAL_CONVERSION = YES;
				CLANG_WARN_OBJC_ROOT_CLASS = YES_ERROR;
				CLANG_WARN_QUOTED_INCLUDE_IN_FRAMEWORK_HEADER = YES;
				CLANG_WARN_RANGE_LOOP_ANALYSIS = YES;
				CLANG_WARN_STRICT_PROTOTYPES = YES;
				CLANG_WARN_SUSPICIOUS_MOVE = YES;
				CLANG_WARN_UNGUARDED_AVAILABILITY = YES_AGGRESSIVE;
				CLANG_WARN_UNREACHABLE_CODE = YES;
				CLANG_WARN__DUPLICATE_METHOD_MATCH = YES;
				COPY_PHASE_STRIP = NO;
				DEBUG_INFORMATION_FORMAT = dwarf;
				ENABLE_STRICT_OBJC_MSGSEND = YES;
				ENABLE_TESTABILITY = YES;
				GCC_C_LANGUAGE_STANDARD = gnu11;
				GCC_DYNAMIC_NO_PIC = NO;
				GCC_NO_COMMON_BLOCKS = YES;
				GCC_OPTIMIZATION_LEVEL = 0;
				GCC_PREPROCESSOR_DEFINITIONS = (
					"DEBUG=1",
					"$(inherited)",
				);
				GCC_WARN_64_TO_32_BIT_CONVERSION = YES;
				GCC_WARN_ABOUT_RETURN_TYPE = YES_ERROR;
				GCC_WARN_UNDECLARED_SELECTOR = YES;
				GCC_WARN_UNINITIALIZED_AUTOS = YES_AGGRESSIVE;
				GCC_WARN_UNUSED_FUNCTION = YES;
				GCC_WARN_UNUSED_VARIABLE = YES;
				IPHONEOS_DEPLOYMENT_TARGET = 13.0;
				MTL_ENABLE_DEBUG_INFO = INCLUDE_SOURCE;
				MTL_FAST_MATH = YES;
				ONLY_ACTIVE_ARCH = YES;
				SDKROOT = iphoneos;
				SWIFT_ACTIVE_COMPILATION_CONDITIONS = DEBUG;
				SWIFT_OPTIMIZATION_LEVEL = "-Onone";
			};
			name = Debug;
		};
		F69389D92699158A00EF3EED /* Debug */ = {
			isa = XCBuildConfiguration;
			buildSettings = {
				ASSETCATALOG_COMPILER_GLOBAL_ACCENT_COLOR_NAME = AccentColor;
				ASSETCATALOG_COMPILER_WIDGET_BACKGROUND_COLOR_NAME = WidgetBackground;
				CODE_SIGN_ENTITLEMENTS = RecentNoteWidgetExtension.entitlements;
				CODE_SIGN_IDENTITY = "Apple Development";
				CODE_SIGN_STYLE = Automatic;
				CURRENT_PROJECT_VERSION = 100;
				DEVELOPMENT_TEAM = G69P7XTUQ3;
				INFOPLIST_FILE = RecentNoteWidget/Info.plist;
				IPHONEOS_DEPLOYMENT_TARGET = 14.1;
				LD_RUNPATH_SEARCH_PATHS = (
					"$(inherited)",
					"@executable_path/Frameworks",
					"@executable_path/../../Frameworks",
				);
				MARKETING_VERSION = 2.0.0;
				PRODUCT_BUNDLE_IDENTIFIER = com.austinleath.Jotify.RecentNoteWidget;
				PRODUCT_NAME = "$(TARGET_NAME)";
				SKIP_INSTALL = YES;
				SWIFT_VERSION = 5.0;
				TARGETED_DEVICE_FAMILY = "1,2";
			};
			name = Debug;
		};
		F69389DA2699158A00EF3EED /* Release */ = {
			isa = XCBuildConfiguration;
			buildSettings = {
				ASSETCATALOG_COMPILER_GLOBAL_ACCENT_COLOR_NAME = AccentColor;
				ASSETCATALOG_COMPILER_WIDGET_BACKGROUND_COLOR_NAME = WidgetBackground;
				CODE_SIGN_ENTITLEMENTS = RecentNoteWidgetExtension.entitlements;
				CODE_SIGN_IDENTITY = "Apple Development";
				CODE_SIGN_STYLE = Automatic;
				CURRENT_PROJECT_VERSION = 100;
				DEVELOPMENT_TEAM = G69P7XTUQ3;
				INFOPLIST_FILE = RecentNoteWidget/Info.plist;
				IPHONEOS_DEPLOYMENT_TARGET = 14.1;
				LD_RUNPATH_SEARCH_PATHS = (
					"$(inherited)",
					"@executable_path/Frameworks",
					"@executable_path/../../Frameworks",
				);
				MARKETING_VERSION = 2.0.0;
				PRODUCT_BUNDLE_IDENTIFIER = com.austinleath.Jotify.RecentNoteWidget;
				PRODUCT_NAME = "$(TARGET_NAME)";
				SKIP_INSTALL = YES;
				SWIFT_VERSION = 5.0;
				TARGETED_DEVICE_FAMILY = "1,2";
			};
			name = Release;
		};
/* End XCBuildConfiguration section */

/* Begin XCConfigurationList section */
		F67F000125B32E2000313D61 /* Build configuration list for PBXNativeTarget "Jotify" */ = {
			isa = XCConfigurationList;
			buildConfigurations = (
				F67F000225B32E2000313D61 /* Debug */,
				F67F000325B32E2000313D61 /* Release */,
			);
			defaultConfigurationIsVisible = 0;
			defaultConfigurationName = Release;
		};
		F67FFFE825B32E1F00313D61 /* Build configuration list for PBXProject "Jotify" */ = {
			isa = XCConfigurationList;
			buildConfigurations = (
				F67FFFFF25B32E2000313D61 /* Debug */,
				F67F000025B32E2000313D61 /* Release */,
			);
			defaultConfigurationIsVisible = 0;
			defaultConfigurationName = Release;
		};
		F69389DB2699158A00EF3EED /* Build configuration list for PBXNativeTarget "RecentNoteWidgetExtension" */ = {
			isa = XCConfigurationList;
			buildConfigurations = (
				F69389D92699158A00EF3EED /* Debug */,
				F69389DA2699158A00EF3EED /* Release */,
			);
			defaultConfigurationIsVisible = 0;
			defaultConfigurationName = Release;
		};
/* End XCConfigurationList section */

/* Begin XCVersionGroup section */
		F6CF5DF125DAF38D006E576E /* Jotify.xcdatamodeld */ = {
			isa = XCVersionGroup;
			children = (
				F6CF5DF225DAF38D006E576E /* Jotify.xcdatamodel */,
			);
			currentVersion = F6CF5DF225DAF38D006E576E /* Jotify.xcdatamodel */;
			path = Jotify.xcdatamodeld;
			sourceTree = "<group>";
			versionGroupType = wrapper.xcdatamodel;
		};
/* End XCVersionGroup section */
	};
	rootObject = F67FFFE525B32E1F00313D61 /* Project object */;
}
