// !$*UTF8*$!
{
	archiveVersion = 1;
	classes = {
	};
	objectVersion = 51;
	objects = {

/* Begin PBXBuildFile section */
		9B6AC7C1DBA10CBFB04F374B /* Pods_Jotify.framework in Frameworks */ = {isa = PBXBuildFile; fileRef = 0C3C025699629E8C8FD896B4 /* Pods_Jotify.framework */; };
		F6070B8A22D50796005E4CF3 /* EmptyView.swift in Sources */ = {isa = PBXBuildFile; fileRef = F6070B8922D50796005E4CF3 /* EmptyView.swift */; };
		F63A0C7922DE031E00B8A480 /* VerticalAlignLabel.swift in Sources */ = {isa = PBXBuildFile; fileRef = F63A0C7822DE031E00B8A480 /* VerticalAlignLabel.swift */; };
		F644968622C16422009CC386 /* NoteDetailController.swift in Sources */ = {isa = PBXBuildFile; fileRef = F644968522C16422009CC386 /* NoteDetailController.swift */; };
		F64908BB22D2BA690019BDBC /* ColorSettingsController.swift in Sources */ = {isa = PBXBuildFile; fileRef = F64908BA22D2BA690019BDBC /* ColorSettingsController.swift */; };
		F650E13322BFF35A008D29AD /* SceneDelegate.swift in Sources */ = {isa = PBXBuildFile; fileRef = F650E13222BFF35A008D29AD /* SceneDelegate.swift */; };
		F650E13D22BFF35C008D29AD /* Assets.xcassets in Resources */ = {isa = PBXBuildFile; fileRef = F650E13C22BFF35C008D29AD /* Assets.xcassets */; };
		F650E14022BFF35C008D29AD /* LaunchScreen.storyboard in Resources */ = {isa = PBXBuildFile; fileRef = F650E13E22BFF35C008D29AD /* LaunchScreen.storyboard */; };
		F650E15622BFFB12008D29AD /* SettingsController.swift in Sources */ = {isa = PBXBuildFile; fileRef = F650E15122BFFB12008D29AD /* SettingsController.swift */; };
		F650E15D22BFFB19008D29AD /* Extensions.swift in Sources */ = {isa = PBXBuildFile; fileRef = F650E15B22BFFB19008D29AD /* Extensions.swift */; };
		F650E16422BFFB20008D29AD /* SettingsCell.swift in Sources */ = {isa = PBXBuildFile; fileRef = F650E16022BFFB20008D29AD /* SettingsCell.swift */; };
		F650E16722BFFB20008D29AD /* SavedNoteCell.swift in Sources */ = {isa = PBXBuildFile; fileRef = F650E16322BFFB20008D29AD /* SavedNoteCell.swift */; };
		F650E16A22C001A8008D29AD /* CloudKit.framework in Frameworks */ = {isa = PBXBuildFile; fileRef = F650E14922BFF36D008D29AD /* CloudKit.framework */; };
		F650E16D22C00381008D29AD /* AppDelegate.swift in Sources */ = {isa = PBXBuildFile; fileRef = F650E13022BFF35A008D29AD /* AppDelegate.swift */; };
		F650E16F22C003A9008D29AD /* Jotify.xcdatamodeld in Sources */ = {isa = PBXBuildFile; fileRef = F650E13922BFF35A008D29AD /* Jotify.xcdatamodeld */; };
		F650E17022C00AE3008D29AD /* SavedNoteController.swift in Sources */ = {isa = PBXBuildFile; fileRef = F650E15022BFFB12008D29AD /* SavedNoteController.swift */; };
		F650E17122C00AE3008D29AD /* WriteNoteController.swift in Sources */ = {isa = PBXBuildFile; fileRef = F650E15322BFFB12008D29AD /* WriteNoteController.swift */; };
		F666D4B222CFED2D00DECE27 /* UIDevice+Extensions.swift in Sources */ = {isa = PBXBuildFile; fileRef = F666D4B122CFED2D00DECE27 /* UIDevice+Extensions.swift */; };
		F67B92DE22D2E083002C6985 /* SettingsSwitchCell.swift in Sources */ = {isa = PBXBuildFile; fileRef = F67B92DD22D2E083002C6985 /* SettingsSwitchCell.swift */; };
		F67B92E022D2E785002C6985 /* ColorPickerController.swift in Sources */ = {isa = PBXBuildFile; fileRef = F67B92DF22D2E785002C6985 /* ColorPickerController.swift */; };
		F686D84D22C9269D00C6F555 /* PageViewController.swift in Sources */ = {isa = PBXBuildFile; fileRef = F686D84C22C9269D00C6F555 /* PageViewController.swift */; };
		F686D85222C9B10900C6F555 /* Colors+Handlers.swift in Sources */ = {isa = PBXBuildFile; fileRef = F686D85122C9B10900C6F555 /* Colors+Handlers.swift */; };
		F6969F5E22DA1AFD00C4E8FF /* AboutSettingsController.swift in Sources */ = {isa = PBXBuildFile; fileRef = F6969F5D22DA1AFD00C4E8FF /* AboutSettingsController.swift */; };
		F6969F6022DA256F00C4E8FF /* AboutSettingsView.swift in Sources */ = {isa = PBXBuildFile; fileRef = F6969F5F22DA256F00C4E8FF /* AboutSettingsView.swift */; };
		F6B2083722DE22860098CF9F /* Themes.swift in Sources */ = {isa = PBXBuildFile; fileRef = F6B2083622DE22860098CF9F /* Themes.swift */; };
		F6CE723A22D5832F00544267 /* DataSettingsController.swift in Sources */ = {isa = PBXBuildFile; fileRef = F6CE723922D5832F00544267 /* DataSettingsController.swift */; };
		F6CE723C22D5833E00544267 /* SortSettingsController.swift in Sources */ = {isa = PBXBuildFile; fileRef = F6CE723B22D5833E00544267 /* SortSettingsController.swift */; };
		F6EEBF9222CC561A0087A1D3 /* WriteNoteView.swift in Sources */ = {isa = PBXBuildFile; fileRef = F6EEBF9122CC561A0087A1D3 /* WriteNoteView.swift */; };
/* End PBXBuildFile section */

/* Begin PBXFileReference section */
		0C3C025699629E8C8FD896B4 /* Pods_Jotify.framework */ = {isa = PBXFileReference; explicitFileType = wrapper.framework; includeInIndex = 0; path = Pods_Jotify.framework; sourceTree = BUILT_PRODUCTS_DIR; };
		134E86D639FF0CE5ED6FEF08 /* Pods-Jotify.release.xcconfig */ = {isa = PBXFileReference; includeInIndex = 1; lastKnownFileType = text.xcconfig; name = "Pods-Jotify.release.xcconfig"; path = "Target Support Files/Pods-Jotify/Pods-Jotify.release.xcconfig"; sourceTree = "<group>"; };
		77AB5562845EB3AEFA1502C6 /* Pods-Jotify.debug.xcconfig */ = {isa = PBXFileReference; includeInIndex = 1; lastKnownFileType = text.xcconfig; name = "Pods-Jotify.debug.xcconfig"; path = "Target Support Files/Pods-Jotify/Pods-Jotify.debug.xcconfig"; sourceTree = "<group>"; };
		F6070B8922D50796005E4CF3 /* EmptyView.swift */ = {isa = PBXFileReference; lastKnownFileType = sourcecode.swift; path = EmptyView.swift; sourceTree = "<group>"; };
		F63A0C7822DE031E00B8A480 /* VerticalAlignLabel.swift */ = {isa = PBXFileReference; lastKnownFileType = sourcecode.swift; path = VerticalAlignLabel.swift; sourceTree = "<group>"; };
		F644968522C16422009CC386 /* NoteDetailController.swift */ = {isa = PBXFileReference; lastKnownFileType = sourcecode.swift; path = NoteDetailController.swift; sourceTree = "<group>"; };
		F64908BA22D2BA690019BDBC /* ColorSettingsController.swift */ = {isa = PBXFileReference; lastKnownFileType = sourcecode.swift; path = ColorSettingsController.swift; sourceTree = "<group>"; };
		F650E12D22BFF35A008D29AD /* Jotify.app */ = {isa = PBXFileReference; explicitFileType = wrapper.application; includeInIndex = 0; path = Jotify.app; sourceTree = BUILT_PRODUCTS_DIR; };
		F650E13022BFF35A008D29AD /* AppDelegate.swift */ = {isa = PBXFileReference; lastKnownFileType = sourcecode.swift; path = AppDelegate.swift; sourceTree = "<group>"; };
		F650E13222BFF35A008D29AD /* SceneDelegate.swift */ = {isa = PBXFileReference; lastKnownFileType = sourcecode.swift; path = SceneDelegate.swift; sourceTree = "<group>"; };
		F650E13A22BFF35A008D29AD /* Jotify.xcdatamodel */ = {isa = PBXFileReference; lastKnownFileType = wrapper.xcdatamodel; path = Jotify.xcdatamodel; sourceTree = "<group>"; };
		F650E13C22BFF35C008D29AD /* Assets.xcassets */ = {isa = PBXFileReference; lastKnownFileType = folder.assetcatalog; path = Assets.xcassets; sourceTree = "<group>"; };
		F650E13F22BFF35C008D29AD /* Base */ = {isa = PBXFileReference; lastKnownFileType = file.storyboard; name = Base; path = Base.lproj/LaunchScreen.storyboard; sourceTree = "<group>"; };
		F650E14122BFF35C008D29AD /* Info.plist */ = {isa = PBXFileReference; lastKnownFileType = text.plist.xml; path = Info.plist; sourceTree = "<group>"; };
		F650E14722BFF36C008D29AD /* Jotify.entitlements */ = {isa = PBXFileReference; lastKnownFileType = text.plist.entitlements; path = Jotify.entitlements; sourceTree = "<group>"; };
		F650E14922BFF36D008D29AD /* CloudKit.framework */ = {isa = PBXFileReference; lastKnownFileType = wrapper.framework; name = CloudKit.framework; path = System/Library/Frameworks/CloudKit.framework; sourceTree = SDKROOT; };
		F650E15022BFFB12008D29AD /* SavedNoteController.swift */ = {isa = PBXFileReference; fileEncoding = 4; lastKnownFileType = sourcecode.swift; path = SavedNoteController.swift; sourceTree = "<group>"; };
		F650E15122BFFB12008D29AD /* SettingsController.swift */ = {isa = PBXFileReference; fileEncoding = 4; lastKnownFileType = sourcecode.swift; path = SettingsController.swift; sourceTree = "<group>"; };
		F650E15322BFFB12008D29AD /* WriteNoteController.swift */ = {isa = PBXFileReference; fileEncoding = 4; lastKnownFileType = sourcecode.swift; path = WriteNoteController.swift; sourceTree = "<group>"; };
		F650E15B22BFFB19008D29AD /* Extensions.swift */ = {isa = PBXFileReference; fileEncoding = 4; lastKnownFileType = sourcecode.swift; path = Extensions.swift; sourceTree = "<group>"; };
		F650E16022BFFB20008D29AD /* SettingsCell.swift */ = {isa = PBXFileReference; fileEncoding = 4; lastKnownFileType = sourcecode.swift; path = SettingsCell.swift; sourceTree = "<group>"; };
		F650E16322BFFB20008D29AD /* SavedNoteCell.swift */ = {isa = PBXFileReference; fileEncoding = 4; lastKnownFileType = sourcecode.swift; path = SavedNoteCell.swift; sourceTree = "<group>"; };
		F666D4B122CFED2D00DECE27 /* UIDevice+Extensions.swift */ = {isa = PBXFileReference; lastKnownFileType = sourcecode.swift; path = "UIDevice+Extensions.swift"; sourceTree = "<group>"; };
		F67B92DD22D2E083002C6985 /* SettingsSwitchCell.swift */ = {isa = PBXFileReference; lastKnownFileType = sourcecode.swift; path = SettingsSwitchCell.swift; sourceTree = "<group>"; };
		F67B92DF22D2E785002C6985 /* ColorPickerController.swift */ = {isa = PBXFileReference; lastKnownFileType = sourcecode.swift; path = ColorPickerController.swift; sourceTree = "<group>"; };
		F686D84C22C9269D00C6F555 /* PageViewController.swift */ = {isa = PBXFileReference; lastKnownFileType = sourcecode.swift; path = PageViewController.swift; sourceTree = "<group>"; };
		F686D85122C9B10900C6F555 /* Colors+Handlers.swift */ = {isa = PBXFileReference; lastKnownFileType = sourcecode.swift; path = "Colors+Handlers.swift"; sourceTree = "<group>"; };
		F6969F5D22DA1AFD00C4E8FF /* AboutSettingsController.swift */ = {isa = PBXFileReference; lastKnownFileType = sourcecode.swift; path = AboutSettingsController.swift; sourceTree = "<group>"; };
		F6969F5F22DA256F00C4E8FF /* AboutSettingsView.swift */ = {isa = PBXFileReference; lastKnownFileType = sourcecode.swift; path = AboutSettingsView.swift; sourceTree = "<group>"; };
		F6B2083622DE22860098CF9F /* Themes.swift */ = {isa = PBXFileReference; lastKnownFileType = sourcecode.swift; path = Themes.swift; sourceTree = "<group>"; };
		F6CE723922D5832F00544267 /* DataSettingsController.swift */ = {isa = PBXFileReference; lastKnownFileType = sourcecode.swift; path = DataSettingsController.swift; sourceTree = "<group>"; };
		F6CE723B22D5833E00544267 /* SortSettingsController.swift */ = {isa = PBXFileReference; lastKnownFileType = sourcecode.swift; path = SortSettingsController.swift; sourceTree = "<group>"; };
		F6EEBF9122CC561A0087A1D3 /* WriteNoteView.swift */ = {isa = PBXFileReference; lastKnownFileType = sourcecode.swift; path = WriteNoteView.swift; sourceTree = "<group>"; };
/* End PBXFileReference section */

/* Begin PBXFrameworksBuildPhase section */
		F650E12A22BFF35A008D29AD /* Frameworks */ = {
			isa = PBXFrameworksBuildPhase;
			buildActionMask = 2147483647;
			files = (
				F650E16A22C001A8008D29AD /* CloudKit.framework in Frameworks */,
				9B6AC7C1DBA10CBFB04F374B /* Pods_Jotify.framework in Frameworks */,
			);
			runOnlyForDeploymentPostprocessing = 0;
		};
/* End PBXFrameworksBuildPhase section */

/* Begin PBXGroup section */
		2D64917A04CDEE1AF0C566DF /* Pods */ = {
			isa = PBXGroup;
			children = (
				77AB5562845EB3AEFA1502C6 /* Pods-Jotify.debug.xcconfig */,
				134E86D639FF0CE5ED6FEF08 /* Pods-Jotify.release.xcconfig */,
			);
			path = Pods;
			sourceTree = "<group>";
		};
		F64908BC22D2BA6E0019BDBC /* Settings */ = {
			isa = PBXGroup;
			children = (
				F650E15122BFFB12008D29AD /* SettingsController.swift */,
				F6969F5D22DA1AFD00C4E8FF /* AboutSettingsController.swift */,
				F64908BA22D2BA690019BDBC /* ColorSettingsController.swift */,
				F67B92DF22D2E785002C6985 /* ColorPickerController.swift */,
				F6CE723922D5832F00544267 /* DataSettingsController.swift */,
				F6CE723B22D5833E00544267 /* SortSettingsController.swift */,
			);
			path = Settings;
			sourceTree = "<group>";
		};
		F650E12422BFF35A008D29AD = {
			isa = PBXGroup;
			children = (
				F650E12F22BFF35A008D29AD /* Jotify */,
				F650E12E22BFF35A008D29AD /* Products */,
				F650E14822BFF36D008D29AD /* Frameworks */,
				2D64917A04CDEE1AF0C566DF /* Pods */,
			);
			sourceTree = "<group>";
		};
		F650E12E22BFF35A008D29AD /* Products */ = {
			isa = PBXGroup;
			children = (
				F650E12D22BFF35A008D29AD /* Jotify.app */,
			);
			name = Products;
			sourceTree = "<group>";
		};
		F650E12F22BFF35A008D29AD /* Jotify */ = {
			isa = PBXGroup;
			children = (
				F650E15A22BFFB19008D29AD /* Model */,
				F650E15F22BFFB20008D29AD /* View */,
				F650E14F22BFFB12008D29AD /* Controller */,
				F650E13922BFF35A008D29AD /* Jotify.xcdatamodeld */,
				F650E14722BFF36C008D29AD /* Jotify.entitlements */,
				F650E13022BFF35A008D29AD /* AppDelegate.swift */,
				F650E13222BFF35A008D29AD /* SceneDelegate.swift */,
				F650E13C22BFF35C008D29AD /* Assets.xcassets */,
				F650E13E22BFF35C008D29AD /* LaunchScreen.storyboard */,
				F650E14122BFF35C008D29AD /* Info.plist */,
			);
			path = Jotify;
			sourceTree = "<group>";
		};
		F650E14822BFF36D008D29AD /* Frameworks */ = {
			isa = PBXGroup;
			children = (
				F650E14922BFF36D008D29AD /* CloudKit.framework */,
				0C3C025699629E8C8FD896B4 /* Pods_Jotify.framework */,
			);
			name = Frameworks;
			sourceTree = "<group>";
		};
		F650E14F22BFFB12008D29AD /* Controller */ = {
			isa = PBXGroup;
			children = (
				F644968522C16422009CC386 /* NoteDetailController.swift */,
				F650E15022BFFB12008D29AD /* SavedNoteController.swift */,
				F650E15322BFFB12008D29AD /* WriteNoteController.swift */,
				F686D84C22C9269D00C6F555 /* PageViewController.swift */,
				F64908BC22D2BA6E0019BDBC /* Settings */,
			);
			path = Controller;
			sourceTree = "<group>";
		};
		F650E15A22BFFB19008D29AD /* Model */ = {
			isa = PBXGroup;
			children = (
				F650E15B22BFFB19008D29AD /* Extensions.swift */,
				F666D4B122CFED2D00DECE27 /* UIDevice+Extensions.swift */,
				F686D85122C9B10900C6F555 /* Colors+Handlers.swift */,
				F6B2083622DE22860098CF9F /* Themes.swift */,
			);
			path = Model;
			sourceTree = "<group>";
		};
		F650E15F22BFFB20008D29AD /* View */ = {
			isa = PBXGroup;
			children = (
				F650E16022BFFB20008D29AD /* SettingsCell.swift */,
				F67B92DD22D2E083002C6985 /* SettingsSwitchCell.swift */,
				F650E16322BFFB20008D29AD /* SavedNoteCell.swift */,
				F6EEBF9122CC561A0087A1D3 /* WriteNoteView.swift */,
				F6070B8922D50796005E4CF3 /* EmptyView.swift */,
				F6969F5F22DA256F00C4E8FF /* AboutSettingsView.swift */,
				F63A0C7822DE031E00B8A480 /* VerticalAlignLabel.swift */,
			);
			path = View;
			sourceTree = "<group>";
		};
/* End PBXGroup section */

/* Begin PBXNativeTarget section */
		F650E12C22BFF35A008D29AD /* Jotify */ = {
			isa = PBXNativeTarget;
			buildConfigurationList = F650E14422BFF35C008D29AD /* Build configuration list for PBXNativeTarget "Jotify" */;
			buildPhases = (
				BE12C9D3FFB401E6F8195CD4 /* [CP] Check Pods Manifest.lock */,
				F650E12922BFF35A008D29AD /* Sources */,
				F650E12A22BFF35A008D29AD /* Frameworks */,
				F650E12B22BFF35A008D29AD /* Resources */,
				A2C2AAC43F93FE05D6FF5325 /* [CP] Embed Pods Frameworks */,
			);
			buildRules = (
			);
			dependencies = (
			);
			name = Jotify;
			productName = Jotify;
			productReference = F650E12D22BFF35A008D29AD /* Jotify.app */;
			productType = "com.apple.product-type.application";
		};
/* End PBXNativeTarget section */

/* Begin PBXProject section */
		F650E12522BFF35A008D29AD /* Project object */ = {
			isa = PBXProject;
			attributes = {
				LastSwiftUpdateCheck = 1100;
				LastUpgradeCheck = 1100;
				ORGANIZATIONNAME = "Harrison Leath";
				TargetAttributes = {
					F650E12C22BFF35A008D29AD = {
						CreatedOnToolsVersion = 11.0;
					};
				};
			};
			buildConfigurationList = F650E12822BFF35A008D29AD /* Build configuration list for PBXProject "Jotify" */;
			compatibilityVersion = "Xcode 9.3";
			developmentRegion = en;
			hasScannedForEncodings = 0;
			knownRegions = (
				en,
				Base,
			);
			mainGroup = F650E12422BFF35A008D29AD;
			productRefGroup = F650E12E22BFF35A008D29AD /* Products */;
			projectDirPath = "";
			projectRoot = "";
			targets = (
				F650E12C22BFF35A008D29AD /* Jotify */,
			);
		};
/* End PBXProject section */

/* Begin PBXResourcesBuildPhase section */
		F650E12B22BFF35A008D29AD /* Resources */ = {
			isa = PBXResourcesBuildPhase;
			buildActionMask = 2147483647;
			files = (
				F650E14022BFF35C008D29AD /* LaunchScreen.storyboard in Resources */,
				F650E13D22BFF35C008D29AD /* Assets.xcassets in Resources */,
			);
			runOnlyForDeploymentPostprocessing = 0;
		};
/* End PBXResourcesBuildPhase section */

/* Begin PBXShellScriptBuildPhase section */
		A2C2AAC43F93FE05D6FF5325 /* [CP] Embed Pods Frameworks */ = {
			isa = PBXShellScriptBuildPhase;
			buildActionMask = 2147483647;
			files = (
			);
			inputFileListPaths = (
				"${PODS_ROOT}/Target Support Files/Pods-Jotify/Pods-Jotify-frameworks-${CONFIGURATION}-input-files.xcfilelist",
			);
			name = "[CP] Embed Pods Frameworks";
			outputFileListPaths = (
				"${PODS_ROOT}/Target Support Files/Pods-Jotify/Pods-Jotify-frameworks-${CONFIGURATION}-output-files.xcfilelist",
			);
			runOnlyForDeploymentPostprocessing = 0;
			shellPath = /bin/sh;
			shellScript = "\"${PODS_ROOT}/Target Support Files/Pods-Jotify/Pods-Jotify-frameworks.sh\"\n";
			showEnvVarsInLog = 0;
		};
		BE12C9D3FFB401E6F8195CD4 /* [CP] Check Pods Manifest.lock */ = {
			isa = PBXShellScriptBuildPhase;
			buildActionMask = 2147483647;
			files = (
			);
			inputFileListPaths = (
			);
			inputPaths = (
				"${PODS_PODFILE_DIR_PATH}/Podfile.lock",
				"${PODS_ROOT}/Manifest.lock",
			);
			name = "[CP] Check Pods Manifest.lock";
			outputFileListPaths = (
			);
			outputPaths = (
				"$(DERIVED_FILE_DIR)/Pods-Jotify-checkManifestLockResult.txt",
			);
			runOnlyForDeploymentPostprocessing = 0;
			shellPath = /bin/sh;
			shellScript = "diff \"${PODS_PODFILE_DIR_PATH}/Podfile.lock\" \"${PODS_ROOT}/Manifest.lock\" > /dev/null\nif [ $? != 0 ] ; then\n    # print error to STDERR\n    echo \"error: The sandbox is not in sync with the Podfile.lock. Run 'pod install' or update your CocoaPods installation.\" >&2\n    exit 1\nfi\n# This output is used by Xcode 'outputs' to avoid re-running this script phase.\necho \"SUCCESS\" > \"${SCRIPT_OUTPUT_FILE_0}\"\n";
			showEnvVarsInLog = 0;
		};
/* End PBXShellScriptBuildPhase section */

/* Begin PBXSourcesBuildPhase section */
		F650E12922BFF35A008D29AD /* Sources */ = {
			isa = PBXSourcesBuildPhase;
			buildActionMask = 2147483647;
			files = (
				F650E17022C00AE3008D29AD /* SavedNoteController.swift in Sources */,
				F650E17122C00AE3008D29AD /* WriteNoteController.swift in Sources */,
				F650E16F22C003A9008D29AD /* Jotify.xcdatamodeld in Sources */,
				F650E16D22C00381008D29AD /* AppDelegate.swift in Sources */,
				F6969F5E22DA1AFD00C4E8FF /* AboutSettingsController.swift in Sources */,
				F650E15D22BFFB19008D29AD /* Extensions.swift in Sources */,
				F6070B8A22D50796005E4CF3 /* EmptyView.swift in Sources */,
				F6CE723A22D5832F00544267 /* DataSettingsController.swift in Sources */,
				F650E15622BFFB12008D29AD /* SettingsController.swift in Sources */,
				F6CE723C22D5833E00544267 /* SortSettingsController.swift in Sources */,
				F67B92DE22D2E083002C6985 /* SettingsSwitchCell.swift in Sources */,
				F650E16722BFFB20008D29AD /* SavedNoteCell.swift in Sources */,
				F6EEBF9222CC561A0087A1D3 /* WriteNoteView.swift in Sources */,
				F6B2083722DE22860098CF9F /* Themes.swift in Sources */,
				F6969F6022DA256F00C4E8FF /* AboutSettingsView.swift in Sources */,
				F666D4B222CFED2D00DECE27 /* UIDevice+Extensions.swift in Sources */,
				F63A0C7922DE031E00B8A480 /* VerticalAlignLabel.swift in Sources */,
				F644968622C16422009CC386 /* NoteDetailController.swift in Sources */,
				F650E13322BFF35A008D29AD /* SceneDelegate.swift in Sources */,
				F686D85222C9B10900C6F555 /* Colors+Handlers.swift in Sources */,
				F67B92E022D2E785002C6985 /* ColorPickerController.swift in Sources */,
				F64908BB22D2BA690019BDBC /* ColorSettingsController.swift in Sources */,
				F686D84D22C9269D00C6F555 /* PageViewController.swift in Sources */,
				F650E16422BFFB20008D29AD /* SettingsCell.swift in Sources */,
			);
			runOnlyForDeploymentPostprocessing = 0;
		};
/* End PBXSourcesBuildPhase section */

/* Begin PBXVariantGroup section */
		F650E13E22BFF35C008D29AD /* LaunchScreen.storyboard */ = {
			isa = PBXVariantGroup;
			children = (
				F650E13F22BFF35C008D29AD /* Base */,
			);
			name = LaunchScreen.storyboard;
			sourceTree = "<group>";
		};
/* End PBXVariantGroup section */

/* Begin XCBuildConfiguration section */
		F650E14222BFF35C008D29AD /* Debug */ = {
			isa = XCBuildConfiguration;
			buildSettings = {
				ALWAYS_SEARCH_USER_PATHS = NO;
				CLANG_ANALYZER_NONNULL = YES;
				CLANG_ANALYZER_NUMBER_OBJECT_CONVERSION = YES_AGGRESSIVE;
				CLANG_CXX_LANGUAGE_STANDARD = "gnu++14";
				CLANG_CXX_LIBRARY = "libc++";
				CLANG_ENABLE_MODULES = YES;
				CLANG_ENABLE_OBJC_ARC = YES;
				CLANG_ENABLE_OBJC_WEAK = YES;
				CLANG_WARN_BLOCK_CAPTURE_AUTORELEASING = YES;
				CLANG_WARN_BOOL_CONVERSION = YES;
				CLANG_WARN_COMMA = YES;
				CLANG_WARN_CONSTANT_CONVERSION = YES;
				CLANG_WARN_DEPRECATED_OBJC_IMPLEMENTATIONS = YES;
				CLANG_WARN_DIRECT_OBJC_ISA_USAGE = YES_ERROR;
				CLANG_WARN_DOCUMENTATION_COMMENTS = YES;
				CLANG_WARN_EMPTY_BODY = YES;
				CLANG_WARN_ENUM_CONVERSION = YES;
				CLANG_WARN_INFINITE_RECURSION = YES;
				CLANG_WARN_INT_CONVERSION = YES;
				CLANG_WARN_NON_LITERAL_NULL_CONVERSION = YES;
				CLANG_WARN_OBJC_IMPLICIT_RETAIN_SELF = YES;
				CLANG_WARN_OBJC_LITERAL_CONVERSION = YES;
				CLANG_WARN_OBJC_ROOT_CLASS = YES_ERROR;
				CLANG_WARN_RANGE_LOOP_ANALYSIS = YES;
				CLANG_WARN_STRICT_PROTOTYPES = YES;
				CLANG_WARN_SUSPICIOUS_MOVE = YES;
				CLANG_WARN_UNGUARDED_AVAILABILITY = YES_AGGRESSIVE;
				CLANG_WARN_UNREACHABLE_CODE = YES;
				CLANG_WARN__DUPLICATE_METHOD_MATCH = YES;
				COPY_PHASE_STRIP = NO;
				DEBUG_INFORMATION_FORMAT = dwarf;
				ENABLE_STRICT_OBJC_MSGSEND = YES;
				ENABLE_TESTABILITY = YES;
				GCC_C_LANGUAGE_STANDARD = gnu11;
				GCC_DYNAMIC_NO_PIC = NO;
				GCC_NO_COMMON_BLOCKS = YES;
				GCC_OPTIMIZATION_LEVEL = 0;
				GCC_PREPROCESSOR_DEFINITIONS = (
					"DEBUG=1",
					"$(inherited)",
				);
				GCC_WARN_64_TO_32_BIT_CONVERSION = YES;
				GCC_WARN_ABOUT_RETURN_TYPE = YES_ERROR;
				GCC_WARN_UNDECLARED_SELECTOR = YES;
				GCC_WARN_UNINITIALIZED_AUTOS = YES_AGGRESSIVE;
				GCC_WARN_UNUSED_FUNCTION = YES;
				GCC_WARN_UNUSED_VARIABLE = YES;
				IPHONEOS_DEPLOYMENT_TARGET = 13.0;
				LD_VERIFY_BITCODE = NO;
				MTL_ENABLE_DEBUG_INFO = INCLUDE_SOURCE;
				MTL_FAST_MATH = YES;
				ONLY_ACTIVE_ARCH = YES;
				SDKROOT = iphoneos;
				SWIFT_ACTIVE_COMPILATION_CONDITIONS = DEBUG;
				SWIFT_OPTIMIZATION_LEVEL = "-Onone";
			};
			name = Debug;
		};
		F650E14322BFF35C008D29AD /* Release */ = {
			isa = XCBuildConfiguration;
			buildSettings = {
				ALWAYS_SEARCH_USER_PATHS = NO;
				CLANG_ANALYZER_NONNULL = YES;
				CLANG_ANALYZER_NUMBER_OBJECT_CONVERSION = YES_AGGRESSIVE;
				CLANG_CXX_LANGUAGE_STANDARD = "gnu++14";
				CLANG_CXX_LIBRARY = "libc++";
				CLANG_ENABLE_MODULES = YES;
				CLANG_ENABLE_OBJC_ARC = YES;
				CLANG_ENABLE_OBJC_WEAK = YES;
				CLANG_WARN_BLOCK_CAPTURE_AUTORELEASING = YES;
				CLANG_WARN_BOOL_CONVERSION = YES;
				CLANG_WARN_COMMA = YES;
				CLANG_WARN_CONSTANT_CONVERSION = YES;
				CLANG_WARN_DEPRECATED_OBJC_IMPLEMENTATIONS = YES;
				CLANG_WARN_DIRECT_OBJC_ISA_USAGE = YES_ERROR;
				CLANG_WARN_DOCUMENTATION_COMMENTS = YES;
				CLANG_WARN_EMPTY_BODY = YES;
				CLANG_WARN_ENUM_CONVERSION = YES;
				CLANG_WARN_INFINITE_RECURSION = YES;
				CLANG_WARN_INT_CONVERSION = YES;
				CLANG_WARN_NON_LITERAL_NULL_CONVERSION = YES;
				CLANG_WARN_OBJC_IMPLICIT_RETAIN_SELF = YES;
				CLANG_WARN_OBJC_LITERAL_CONVERSION = YES;
				CLANG_WARN_OBJC_ROOT_CLASS = YES_ERROR;
				CLANG_WARN_RANGE_LOOP_ANALYSIS = YES;
				CLANG_WARN_STRICT_PROTOTYPES = YES;
				CLANG_WARN_SUSPICIOUS_MOVE = YES;
				CLANG_WARN_UNGUARDED_AVAILABILITY = YES_AGGRESSIVE;
				CLANG_WARN_UNREACHABLE_CODE = YES;
				CLANG_WARN__DUPLICATE_METHOD_MATCH = YES;
				COPY_PHASE_STRIP = NO;
				DEBUG_INFORMATION_FORMAT = "dwarf-with-dsym";
				ENABLE_NS_ASSERTIONS = NO;
				ENABLE_STRICT_OBJC_MSGSEND = YES;
				GCC_C_LANGUAGE_STANDARD = gnu11;
				GCC_NO_COMMON_BLOCKS = YES;
				GCC_WARN_64_TO_32_BIT_CONVERSION = YES;
				GCC_WARN_ABOUT_RETURN_TYPE = YES_ERROR;
				GCC_WARN_UNDECLARED_SELECTOR = YES;
				GCC_WARN_UNINITIALIZED_AUTOS = YES_AGGRESSIVE;
				GCC_WARN_UNUSED_FUNCTION = YES;
				GCC_WARN_UNUSED_VARIABLE = YES;
				IPHONEOS_DEPLOYMENT_TARGET = 13.0;
				LD_VERIFY_BITCODE = NO;
				MTL_ENABLE_DEBUG_INFO = NO;
				MTL_FAST_MATH = YES;
				SDKROOT = iphoneos;
				SWIFT_COMPILATION_MODE = wholemodule;
				SWIFT_OPTIMIZATION_LEVEL = "-O";
				VALIDATE_PRODUCT = YES;
			};
			name = Release;
		};
		F650E14522BFF35C008D29AD /* Debug */ = {
			isa = XCBuildConfiguration;
			baseConfigurationReference = 77AB5562845EB3AEFA1502C6 /* Pods-Jotify.debug.xcconfig */;
			buildSettings = {
				ASSETCATALOG_COMPILER_APPICON_NAME = AppIcon;
				CODE_SIGN_ENTITLEMENTS = Jotify/Jotify.entitlements;
				CODE_SIGN_STYLE = Automatic;
				CURRENT_PROJECT_VERSION = 5;
				DEVELOPMENT_TEAM = G69P7XTUQ3;
				ENABLE_BITCODE = YES;
				FRAMEWORK_SEARCH_PATHS = (
					"$(inherited)",
					"\"${PODS_CONFIGURATION_BUILD_DIR}/Blueprints\"",
					"\"${PODS_CONFIGURATION_BUILD_DIR}/ChromaColorPicker\"",
					"\"${PODS_CONFIGURATION_BUILD_DIR}/MultilineTextField\"",
					"\"${PODS_CONFIGURATION_BUILD_DIR}/Pageboy\"",
					"\"${PODS_CONFIGURATION_BUILD_DIR}/ViewAnimator\"",
					"\"${PODS_CONFIGURATION_BUILD_DIR}/XLActionController\"",
				);
				INFOPLIST_FILE = Jotify/Info.plist;
				LD_RUNPATH_SEARCH_PATHS = (
					"$(inherited)",
					"@executable_path/Frameworks",
				);
				MARKETING_VERSION = 1.0;
				PRODUCT_BUNDLE_IDENTIFIER = com.austinleath.Jotify;
				PRODUCT_NAME = "$(TARGET_NAME)";
				SWIFT_VERSION = 5.0;
				TARGETED_DEVICE_FAMILY = "1,2";
			};
			name = Debug;
		};
		F650E14622BFF35C008D29AD /* Release */ = {
			isa = XCBuildConfiguration;
			baseConfigurationReference = 134E86D639FF0CE5ED6FEF08 /* Pods-Jotify.release.xcconfig */;
			buildSettings = {
				ASSETCATALOG_COMPILER_APPICON_NAME = AppIcon;
				CODE_SIGN_ENTITLEMENTS = Jotify/Jotify.entitlements;
				CODE_SIGN_STYLE = Automatic;
				CURRENT_PROJECT_VERSION = 5;
				DEVELOPMENT_TEAM = G69P7XTUQ3;
				ENABLE_BITCODE = YES;
				INFOPLIST_FILE = Jotify/Info.plist;
				LD_RUNPATH_SEARCH_PATHS = (
					"$(inherited)",
					"@executable_path/Frameworks",
				);
				MARKETING_VERSION = 1.0;
				PRODUCT_BUNDLE_IDENTIFIER = com.austinleath.Jotify;
				PRODUCT_NAME = "$(TARGET_NAME)";
				SWIFT_VERSION = 5.0;
				TARGETED_DEVICE_FAMILY = "1,2";
			};
			name = Release;
		};
/* End XCBuildConfiguration section */

/* Begin XCConfigurationList section */
		F650E12822BFF35A008D29AD /* Build configuration list for PBXProject "Jotify" */ = {
			isa = XCConfigurationList;
			buildConfigurations = (
				F650E14222BFF35C008D29AD /* Debug */,
				F650E14322BFF35C008D29AD /* Release */,
			);
			defaultConfigurationIsVisible = 0;
			defaultConfigurationName = Release;
		};
		F650E14422BFF35C008D29AD /* Build configuration list for PBXNativeTarget "Jotify" */ = {
			isa = XCConfigurationList;
			buildConfigurations = (
				F650E14522BFF35C008D29AD /* Debug */,
				F650E14622BFF35C008D29AD /* Release */,
			);
			defaultConfigurationIsVisible = 0;
			defaultConfigurationName = Release;
		};
/* End XCConfigurationList section */

/* Begin XCVersionGroup section */
		F650E13922BFF35A008D29AD /* Jotify.xcdatamodeld */ = {
			isa = XCVersionGroup;
			children = (
				F650E13A22BFF35A008D29AD /* Jotify.xcdatamodel */,
			);
			currentVersion = F650E13A22BFF35A008D29AD /* Jotify.xcdatamodel */;
			path = Jotify.xcdatamodeld;
			sourceTree = "<group>";
			versionGroupType = wrapper.xcdatamodel;
		};
/* End XCVersionGroup section */
	};
	rootObject = F650E12522BFF35A008D29AD /* Project object */;
}
